// !$*UTF8*$!
{
	archiveVersion = 1;
	classes = {
	};
	objectVersion = 50;
	objects = {

/* Begin PBXBuildFile section */
		C97338C82192CF810016B440 /* AppDelegate.m in Sources */ = {isa = PBXBuildFile; fileRef = C97338C72192CF810016B440 /* AppDelegate.m */; };
		C97338CE2192CF810016B440 /* Main.storyboard in Resources */ = {isa = PBXBuildFile; fileRef = C97338CC2192CF810016B440 /* Main.storyboard */; };
		C97338D02192CF830016B440 /* Assets.xcassets in Resources */ = {isa = PBXBuildFile; fileRef = C97338CF2192CF830016B440 /* Assets.xcassets */; };
		C97338D32192CF830016B440 /* LaunchScreen.storyboard in Resources */ = {isa = PBXBuildFile; fileRef = C97338D12192CF830016B440 /* LaunchScreen.storyboard */; };
		C97338D62192CF830016B440 /* main.m in Sources */ = {isa = PBXBuildFile; fileRef = C97338D52192CF830016B440 /* main.m */; };
		C97338E02192CF830016B440 /* CameraAppTests.m in Sources */ = {isa = PBXBuildFile; fileRef = C97338DF2192CF830016B440 /* CameraAppTests.m */; };
		C97338EB2192CF840016B440 /* CameraAppUITests.m in Sources */ = {isa = PBXBuildFile; fileRef = C97338EA2192CF840016B440 /* CameraAppUITests.m */; };
		C98ED7582192DCE50017A479 /* CHProgressHUD.m in Sources */ = {isa = PBXBuildFile; fileRef = C98ED7572192DCE50017A479 /* CHProgressHUD.m */; };
		C98ED75B219331B60017A479 /* APIClient.m in Sources */ = {isa = PBXBuildFile; fileRef = C98ED75A219331B60017A479 /* APIClient.m */; };
		C98ED78E21966ECF0017A479 /* CHProgressHUD.bundle in Resources */ = {isa = PBXBuildFile; fileRef = C98ED78D21966ECF0017A479 /* CHProgressHUD.bundle */; };
		C98ED79D219924E60017A479 /* CHTime.m in Sources */ = {isa = PBXBuildFile; fileRef = C98ED79C219924E60017A479 /* CHTime.m */; };
		C994193321A3A7AB0010524D /* AppDelegate+AppService.m in Sources */ = {isa = PBXBuildFile; fileRef = C994193221A3A7AB0010524D /* AppDelegate+AppService.m */; };
		C994193621A3AAC40010524D /* CameraHomeViewController.m in Sources */ = {isa = PBXBuildFile; fileRef = C994193521A3AAC40010524D /* CameraHomeViewController.m */; };
		C994194121A3B3690010524D /* UIViewController+AlertViewAndActionSheet.m in Sources */ = {isa = PBXBuildFile; fileRef = C994194021A3B3690010524D /* UIViewController+AlertViewAndActionSheet.m */; };
		C994194421A3B5940010524D /* CHNavigationController.m in Sources */ = {isa = PBXBuildFile; fileRef = C994194321A3B5940010524D /* CHNavigationController.m */; };
		C994194721A3B8160010524D /* UIView+CH.m in Sources */ = {isa = PBXBuildFile; fileRef = C994194621A3B8160010524D /* UIView+CH.m */; };
		C994194A21A3DBA80010524D /* CHPhotoLibraryViewController.m in Sources */ = {isa = PBXBuildFile; fileRef = C994194921A3DBA80010524D /* CHPhotoLibraryViewController.m */; };
		C994194D21A3E4740010524D /* Urls.plist in Resources */ = {isa = PBXBuildFile; fileRef = C994194C21A3E4740010524D /* Urls.plist */; };
		C994195021A3E5390010524D /* Debug_DevelopmentModel.m in Sources */ = {isa = PBXBuildFile; fileRef = C994194F21A3E5390010524D /* Debug_DevelopmentModel.m */; };
		C994195321A3E5A50010524D /* DebugViewController.m in Sources */ = {isa = PBXBuildFile; fileRef = C994195221A3E5A50010524D /* DebugViewController.m */; };
		C994195621A3E5E50010524D /* CameraHomeViewController+Debug_DevelopmentViewController.m in Sources */ = {isa = PBXBuildFile; fileRef = C994195521A3E5E50010524D /* CameraHomeViewController+Debug_DevelopmentViewController.m */; };
		C994195921A3EEBD0010524D /* CHUtil.m in Sources */ = {isa = PBXBuildFile; fileRef = C994195821A3EEBD0010524D /* CHUtil.m */; };
		C994195B21A3EF460010524D /* config.strings in Resources */ = {isa = PBXBuildFile; fileRef = C994195A21A3EF460010524D /* config.strings */; };
		F44E130B164888A0BEE8AAC9 /* libPods-CameraApp.a in Frameworks */ = {isa = PBXBuildFile; fileRef = 8D5FAA60EEB040A0CCC0C74E /* libPods-CameraApp.a */; };
/* End PBXBuildFile section */

/* Begin PBXContainerItemProxy section */
		C97338DC2192CF830016B440 /* PBXContainerItemProxy */ = {
			isa = PBXContainerItemProxy;
			containerPortal = C97338BB2192CF810016B440 /* Project object */;
			proxyType = 1;
			remoteGlobalIDString = C97338C22192CF810016B440;
			remoteInfo = CameraApp;
		};
		C97338E72192CF840016B440 /* PBXContainerItemProxy */ = {
			isa = PBXContainerItemProxy;
			containerPortal = C97338BB2192CF810016B440 /* Project object */;
			proxyType = 1;
			remoteGlobalIDString = C97338C22192CF810016B440;
			remoteInfo = CameraApp;
		};
/* End PBXContainerItemProxy section */

/* Begin PBXFileReference section */
		8D5FAA60EEB040A0CCC0C74E /* libPods-CameraApp.a */ = {isa = PBXFileReference; explicitFileType = archive.ar; includeInIndex = 0; path = "libPods-CameraApp.a"; sourceTree = BUILT_PRODUCTS_DIR; };
		B98D6032D2C354FDEABF3906 /* Pods-CameraApp.release.xcconfig */ = {isa = PBXFileReference; includeInIndex = 1; lastKnownFileType = text.xcconfig; name = "Pods-CameraApp.release.xcconfig"; path = "Pods/Target Support Files/Pods-CameraApp/Pods-CameraApp.release.xcconfig"; sourceTree = "<group>"; };
		C97338C32192CF810016B440 /* CameraApp.app */ = {isa = PBXFileReference; explicitFileType = wrapper.application; includeInIndex = 0; path = CameraApp.app; sourceTree = BUILT_PRODUCTS_DIR; };
		C97338C62192CF810016B440 /* AppDelegate.h */ = {isa = PBXFileReference; lastKnownFileType = sourcecode.c.h; path = AppDelegate.h; sourceTree = "<group>"; };
		C97338C72192CF810016B440 /* AppDelegate.m */ = {isa = PBXFileReference; lastKnownFileType = sourcecode.c.objc; path = AppDelegate.m; sourceTree = "<group>"; };
		C97338CD2192CF810016B440 /* Base */ = {isa = PBXFileReference; lastKnownFileType = file.storyboard; name = Base; path = Base.lproj/Main.storyboard; sourceTree = "<group>"; };
		C97338CF2192CF830016B440 /* Assets.xcassets */ = {isa = PBXFileReference; lastKnownFileType = folder.assetcatalog; path = Assets.xcassets; sourceTree = "<group>"; };
		C97338D22192CF830016B440 /* Base */ = {isa = PBXFileReference; lastKnownFileType = file.storyboard; name = Base; path = Base.lproj/LaunchScreen.storyboard; sourceTree = "<group>"; };
		C97338D42192CF830016B440 /* Info.plist */ = {isa = PBXFileReference; lastKnownFileType = text.plist.xml; path = Info.plist; sourceTree = "<group>"; };
		C97338D52192CF830016B440 /* main.m */ = {isa = PBXFileReference; lastKnownFileType = sourcecode.c.objc; path = main.m; sourceTree = "<group>"; };
		C97338DB2192CF830016B440 /* CameraAppTests.xctest */ = {isa = PBXFileReference; explicitFileType = wrapper.cfbundle; includeInIndex = 0; path = CameraAppTests.xctest; sourceTree = BUILT_PRODUCTS_DIR; };
		C97338DF2192CF830016B440 /* CameraAppTests.m */ = {isa = PBXFileReference; lastKnownFileType = sourcecode.c.objc; path = CameraAppTests.m; sourceTree = "<group>"; };
		C97338E12192CF830016B440 /* Info.plist */ = {isa = PBXFileReference; lastKnownFileType = text.plist.xml; path = Info.plist; sourceTree = "<group>"; };
		C97338E62192CF840016B440 /* CameraAppUITests.xctest */ = {isa = PBXFileReference; explicitFileType = wrapper.cfbundle; includeInIndex = 0; path = CameraAppUITests.xctest; sourceTree = BUILT_PRODUCTS_DIR; };
		C97338EA2192CF840016B440 /* CameraAppUITests.m */ = {isa = PBXFileReference; lastKnownFileType = sourcecode.c.objc; path = CameraAppUITests.m; sourceTree = "<group>"; };
		C97338EC2192CF840016B440 /* Info.plist */ = {isa = PBXFileReference; lastKnownFileType = text.plist.xml; path = Info.plist; sourceTree = "<group>"; };
		C98ED7522192D5730017A479 /* SystemsMacros.h */ = {isa = PBXFileReference; lastKnownFileType = sourcecode.c.h; path = SystemsMacros.h; sourceTree = "<group>"; };
		C98ED7532192D5960017A479 /* ApiMacros.h */ = {isa = PBXFileReference; lastKnownFileType = sourcecode.c.h; path = ApiMacros.h; sourceTree = "<group>"; };
		C98ED7542192D5B00017A479 /* PrefixHeader.pch */ = {isa = PBXFileReference; lastKnownFileType = sourcecode.c.h; path = PrefixHeader.pch; sourceTree = "<group>"; };
		C98ED7552192D6090017A479 /* ThirdPartyMacros.h */ = {isa = PBXFileReference; lastKnownFileType = sourcecode.c.h; path = ThirdPartyMacros.h; sourceTree = "<group>"; };
		C98ED7562192DCE50017A479 /* CHProgressHUD.h */ = {isa = PBXFileReference; lastKnownFileType = sourcecode.c.h; path = CHProgressHUD.h; sourceTree = "<group>"; };
		C98ED7572192DCE50017A479 /* CHProgressHUD.m */ = {isa = PBXFileReference; lastKnownFileType = sourcecode.c.objc; path = CHProgressHUD.m; sourceTree = "<group>"; };
		C98ED759219331B60017A479 /* APIClient.h */ = {isa = PBXFileReference; lastKnownFileType = sourcecode.c.h; path = APIClient.h; sourceTree = "<group>"; };
		C98ED75A219331B60017A479 /* APIClient.m */ = {isa = PBXFileReference; lastKnownFileType = sourcecode.c.objc; path = APIClient.m; sourceTree = "<group>"; };
		C98ED78D21966ECF0017A479 /* CHProgressHUD.bundle */ = {isa = PBXFileReference; lastKnownFileType = "wrapper.plug-in"; path = CHProgressHUD.bundle; sourceTree = "<group>"; };
		C98ED79B219924E60017A479 /* CHTime.h */ = {isa = PBXFileReference; lastKnownFileType = sourcecode.c.h; path = CHTime.h; sourceTree = "<group>"; };
		C98ED79C219924E60017A479 /* CHTime.m */ = {isa = PBXFileReference; lastKnownFileType = sourcecode.c.objc; path = CHTime.m; sourceTree = "<group>"; };
		C994193121A3A7AB0010524D /* AppDelegate+AppService.h */ = {isa = PBXFileReference; lastKnownFileType = sourcecode.c.h; path = "AppDelegate+AppService.h"; sourceTree = "<group>"; };
		C994193221A3A7AB0010524D /* AppDelegate+AppService.m */ = {isa = PBXFileReference; lastKnownFileType = sourcecode.c.objc; path = "AppDelegate+AppService.m"; sourceTree = "<group>"; };
		C994193421A3AAC40010524D /* CameraHomeViewController.h */ = {isa = PBXFileReference; lastKnownFileType = sourcecode.c.h; path = CameraHomeViewController.h; sourceTree = "<group>"; };
		C994193521A3AAC40010524D /* CameraHomeViewController.m */ = {isa = PBXFileReference; lastKnownFileType = sourcecode.c.objc; path = CameraHomeViewController.m; sourceTree = "<group>"; };
		C994193F21A3B3690010524D /* UIViewController+AlertViewAndActionSheet.h */ = {isa = PBXFileReference; lastKnownFileType = sourcecode.c.h; path = "UIViewController+AlertViewAndActionSheet.h"; sourceTree = "<group>"; };
		C994194021A3B3690010524D /* UIViewController+AlertViewAndActionSheet.m */ = {isa = PBXFileReference; lastKnownFileType = sourcecode.c.objc; path = "UIViewController+AlertViewAndActionSheet.m"; sourceTree = "<group>"; };
		C994194221A3B5940010524D /* CHNavigationController.h */ = {isa = PBXFileReference; lastKnownFileType = sourcecode.c.h; path = CHNavigationController.h; sourceTree = "<group>"; };
		C994194321A3B5940010524D /* CHNavigationController.m */ = {isa = PBXFileReference; lastKnownFileType = sourcecode.c.objc; path = CHNavigationController.m; sourceTree = "<group>"; };
		C994194521A3B8160010524D /* UIView+CH.h */ = {isa = PBXFileReference; lastKnownFileType = sourcecode.c.h; path = "UIView+CH.h"; sourceTree = "<group>"; };
		C994194621A3B8160010524D /* UIView+CH.m */ = {isa = PBXFileReference; lastKnownFileType = sourcecode.c.objc; path = "UIView+CH.m"; sourceTree = "<group>"; };
		C994194821A3DBA80010524D /* CHPhotoLibraryViewController.h */ = {isa = PBXFileReference; lastKnownFileType = sourcecode.c.h; path = CHPhotoLibraryViewController.h; sourceTree = "<group>"; };
		C994194921A3DBA80010524D /* CHPhotoLibraryViewController.m */ = {isa = PBXFileReference; lastKnownFileType = sourcecode.c.objc; path = CHPhotoLibraryViewController.m; sourceTree = "<group>"; };
		C994194C21A3E4740010524D /* Urls.plist */ = {isa = PBXFileReference; lastKnownFileType = text.plist.xml; path = Urls.plist; sourceTree = "<group>"; };
		C994194E21A3E5390010524D /* Debug_DevelopmentModel.h */ = {isa = PBXFileReference; lastKnownFileType = sourcecode.c.h; path = Debug_DevelopmentModel.h; sourceTree = "<group>"; };
		C994194F21A3E5390010524D /* Debug_DevelopmentModel.m */ = {isa = PBXFileReference; lastKnownFileType = sourcecode.c.objc; path = Debug_DevelopmentModel.m; sourceTree = "<group>"; };
		C994195121A3E5A50010524D /* DebugViewController.h */ = {isa = PBXFileReference; lastKnownFileType = sourcecode.c.h; path = DebugViewController.h; sourceTree = "<group>"; };
		C994195221A3E5A50010524D /* DebugViewController.m */ = {isa = PBXFileReference; lastKnownFileType = sourcecode.c.objc; path = DebugViewController.m; sourceTree = "<group>"; };
		C994195421A3E5E50010524D /* CameraHomeViewController+Debug_DevelopmentViewController.h */ = {isa = PBXFileReference; lastKnownFileType = sourcecode.c.h; path = "CameraHomeViewController+Debug_DevelopmentViewController.h"; sourceTree = "<group>"; };
		C994195521A3E5E50010524D /* CameraHomeViewController+Debug_DevelopmentViewController.m */ = {isa = PBXFileReference; lastKnownFileType = sourcecode.c.objc; path = "CameraHomeViewController+Debug_DevelopmentViewController.m"; sourceTree = "<group>"; };
		C994195721A3EEBD0010524D /* CHUtil.h */ = {isa = PBXFileReference; lastKnownFileType = sourcecode.c.h; path = CHUtil.h; sourceTree = "<group>"; };
		C994195821A3EEBD0010524D /* CHUtil.m */ = {isa = PBXFileReference; lastKnownFileType = sourcecode.c.objc; path = CHUtil.m; sourceTree = "<group>"; };
		C994195A21A3EF460010524D /* config.strings */ = {isa = PBXFileReference; lastKnownFileType = text.plist.strings; path = config.strings; sourceTree = "<group>"; };
		E2DF13393A24D610D46E1B32 /* Pods-CameraApp.debug.xcconfig */ = {isa = PBXFileReference; includeInIndex = 1; lastKnownFileType = text.xcconfig; name = "Pods-CameraApp.debug.xcconfig"; path = "Pods/Target Support Files/Pods-CameraApp/Pods-CameraApp.debug.xcconfig"; sourceTree = "<group>"; };
/* End PBXFileReference section */

/* Begin PBXFrameworksBuildPhase section */
		C97338C02192CF810016B440 /* Frameworks */ = {
			isa = PBXFrameworksBuildPhase;
			buildActionMask = 2147483647;
			files = (
				F44E130B164888A0BEE8AAC9 /* libPods-CameraApp.a in Frameworks */,
			);
			runOnlyForDeploymentPostprocessing = 0;
		};
		C97338D82192CF830016B440 /* Frameworks */ = {
			isa = PBXFrameworksBuildPhase;
			buildActionMask = 2147483647;
			files = (
			);
			runOnlyForDeploymentPostprocessing = 0;
		};
		C97338E32192CF840016B440 /* Frameworks */ = {
			isa = PBXFrameworksBuildPhase;
			buildActionMask = 2147483647;
			files = (
			);
			runOnlyForDeploymentPostprocessing = 0;
		};
/* End PBXFrameworksBuildPhase section */

/* Begin PBXGroup section */
		2203700023EF1392110B4911 /* Pods */ = {
			isa = PBXGroup;
			children = (
				E2DF13393A24D610D46E1B32 /* Pods-CameraApp.debug.xcconfig */,
				B98D6032D2C354FDEABF3906 /* Pods-CameraApp.release.xcconfig */,
			);
			name = Pods;
			sourceTree = "<group>";
		};
		8808BC593CBDA5390B9C1A4B /* Frameworks */ = {
			isa = PBXGroup;
			children = (
				8D5FAA60EEB040A0CCC0C74E /* libPods-CameraApp.a */,
			);
			name = Frameworks;
			sourceTree = "<group>";
		};
		C97338BA2192CF810016B440 = {
			isa = PBXGroup;
			children = (
				C97338C52192CF810016B440 /* CameraApp */,
				C97338DE2192CF830016B440 /* CameraAppTests */,
				C97338E92192CF840016B440 /* CameraAppUITests */,
				C97338C42192CF810016B440 /* Products */,
				2203700023EF1392110B4911 /* Pods */,
				8808BC593CBDA5390B9C1A4B /* Frameworks */,
			);
			sourceTree = "<group>";
		};
		C97338C42192CF810016B440 /* Products */ = {
			isa = PBXGroup;
			children = (
				C97338C32192CF810016B440 /* CameraApp.app */,
				C97338DB2192CF830016B440 /* CameraAppTests.xctest */,
				C97338E62192CF840016B440 /* CameraAppUITests.xctest */,
			);
			name = Products;
			sourceTree = "<group>";
		};
		C97338C52192CF810016B440 /* CameraApp */ = {
			isa = PBXGroup;
			children = (
				C98ED7452192D3740017A479 /* AppDelegate */,
				C98ED7472192D4460017A479 /* Define */,
				C98ED7442192D35A0017A479 /* Base */,
				C98ED762219565980017A479 /* Category */,
				C98ED7432192D31F0017A479 /* Utils */,
				C98ED7422192D3080017A479 /* Modules */,
				C98ED7462192D3BF0017A479 /* Support File */,
				C97338D42192CF830016B440 /* Info.plist */,
			);
			path = CameraApp;
			sourceTree = "<group>";
		};
		C97338DE2192CF830016B440 /* CameraAppTests */ = {
			isa = PBXGroup;
			children = (
				C97338DF2192CF830016B440 /* CameraAppTests.m */,
				C97338E12192CF830016B440 /* Info.plist */,
			);
			path = CameraAppTests;
			sourceTree = "<group>";
		};
		C97338E92192CF840016B440 /* CameraAppUITests */ = {
			isa = PBXGroup;
			children = (
				C97338EA2192CF840016B440 /* CameraAppUITests.m */,
				C97338EC2192CF840016B440 /* Info.plist */,
			);
			path = CameraAppUITests;
			sourceTree = "<group>";
		};
		C98ED7422192D3080017A479 /* Modules */ = {
			isa = PBXGroup;
			children = (
				C994194B21A3E4610010524D /* Debug_Development */,
				C98ED7482192D4820017A479 /* Home */,
				C98ED74D2192D4AD0017A479 /* Personal */,
			);
			path = Modules;
			sourceTree = "<group>";
		};
		C98ED7432192D31F0017A479 /* Utils */ = {
			isa = PBXGroup;
			children = (
				C98ED7562192DCE50017A479 /* CHProgressHUD.h */,
				C98ED7572192DCE50017A479 /* CHProgressHUD.m */,
				C98ED759219331B60017A479 /* APIClient.h */,
				C98ED75A219331B60017A479 /* APIClient.m */,
				C98ED79B219924E60017A479 /* CHTime.h */,
				C98ED79C219924E60017A479 /* CHTime.m */,
				C994195721A3EEBD0010524D /* CHUtil.h */,
				C994195821A3EEBD0010524D /* CHUtil.m */,
				C994195A21A3EF460010524D /* config.strings */,
			);
			path = Utils;
			sourceTree = "<group>";
		};
		C98ED7442192D35A0017A479 /* Base */ = {
			isa = PBXGroup;
			children = (
				C994193E21A3B3050010524D /* WebviewController */,
				C994193C21A3B2E00010524D /* NavigationController */,
			);
			path = Base;
			sourceTree = "<group>";
		};
		C98ED7452192D3740017A479 /* AppDelegate */ = {
			isa = PBXGroup;
			children = (
				C97338C62192CF810016B440 /* AppDelegate.h */,
				C97338C72192CF810016B440 /* AppDelegate.m */,
				C994193121A3A7AB0010524D /* AppDelegate+AppService.h */,
				C994193221A3A7AB0010524D /* AppDelegate+AppService.m */,
			);
			path = AppDelegate;
			sourceTree = "<group>";
		};
		C98ED7462192D3BF0017A479 /* Support File */ = {
			isa = PBXGroup;
			children = (
				C98ED78D21966ECF0017A479 /* CHProgressHUD.bundle */,
				C97338CC2192CF810016B440 /* Main.storyboard */,
				C97338CF2192CF830016B440 /* Assets.xcassets */,
				C97338D12192CF830016B440 /* LaunchScreen.storyboard */,
				C97338D52192CF830016B440 /* main.m */,
				C98ED7542192D5B00017A479 /* PrefixHeader.pch */,
			);
			path = "Support File";
			sourceTree = "<group>";
		};
		C98ED7472192D4460017A479 /* Define */ = {
			isa = PBXGroup;
			children = (
				C98ED7522192D5730017A479 /* SystemsMacros.h */,
				C98ED7532192D5960017A479 /* ApiMacros.h */,
				C98ED7552192D6090017A479 /* ThirdPartyMacros.h */,
			);
			path = Define;
			sourceTree = "<group>";
		};
		C98ED7482192D4820017A479 /* Home */ = {
			isa = PBXGroup;
			children = (
				C98ED7492192D4820017A479 /* ViewModel */,
				C98ED74A2192D4820017A479 /* Controller */,
				C98ED74B2192D4820017A479 /* Model */,
				C98ED74C2192D4820017A479 /* View */,
			);
			path = Home;
			sourceTree = "<group>";
		};
		C98ED7492192D4820017A479 /* ViewModel */ = {
			isa = PBXGroup;
			children = (
			);
			path = ViewModel;
			sourceTree = "<group>";
		};
		C98ED74A2192D4820017A479 /* Controller */ = {
			isa = PBXGroup;
			children = (
				C994193421A3AAC40010524D /* CameraHomeViewController.h */,
				C994193521A3AAC40010524D /* CameraHomeViewController.m */,
				C994194821A3DBA80010524D /* CHPhotoLibraryViewController.h */,
				C994194921A3DBA80010524D /* CHPhotoLibraryViewController.m */,
			);
			path = Controller;
			sourceTree = "<group>";
		};
		C98ED74B2192D4820017A479 /* Model */ = {
			isa = PBXGroup;
			children = (
			);
			path = Model;
			sourceTree = "<group>";
		};
		C98ED74C2192D4820017A479 /* View */ = {
			isa = PBXGroup;
			children = (
			);
			path = View;
			sourceTree = "<group>";
		};
		C98ED74D2192D4AD0017A479 /* Personal */ = {
			isa = PBXGroup;
			children = (
				C98ED74E2192D4AD0017A479 /* ViewModel */,
				C98ED74F2192D4AD0017A479 /* Controller */,
				C98ED7502192D4AD0017A479 /* Model */,
				C98ED7512192D4AD0017A479 /* View */,
			);
			path = Personal;
			sourceTree = "<group>";
		};
		C98ED74E2192D4AD0017A479 /* ViewModel */ = {
			isa = PBXGroup;
			children = (
			);
			path = ViewModel;
			sourceTree = "<group>";
		};
		C98ED74F2192D4AD0017A479 /* Controller */ = {
			isa = PBXGroup;
			children = (
			);
			path = Controller;
			sourceTree = "<group>";
		};
		C98ED7502192D4AD0017A479 /* Model */ = {
			isa = PBXGroup;
			children = (
			);
			path = Model;
			sourceTree = "<group>";
		};
		C98ED7512192D4AD0017A479 /* View */ = {
			isa = PBXGroup;
			children = (
			);
			path = View;
			sourceTree = "<group>";
		};
		C98ED762219565980017A479 /* Category */ = {
			isa = PBXGroup;
			children = (
				C994193F21A3B3690010524D /* UIViewController+AlertViewAndActionSheet.h */,
				C994194021A3B3690010524D /* UIViewController+AlertViewAndActionSheet.m */,
				C994194521A3B8160010524D /* UIView+CH.h */,
				C994194621A3B8160010524D /* UIView+CH.m */,
			);
			path = Category;
			sourceTree = "<group>";
		};
		C994193C21A3B2E00010524D /* NavigationController */ = {
			isa = PBXGroup;
			children = (
				C994194221A3B5940010524D /* CHNavigationController.h */,
				C994194321A3B5940010524D /* CHNavigationController.m */,
			);
			path = NavigationController;
			sourceTree = "<group>";
		};
		C994193E21A3B3050010524D /* WebviewController */ = {
			isa = PBXGroup;
			children = (
			);
			path = WebviewController;
			sourceTree = "<group>";
		};
		C994194B21A3E4610010524D /* Debug_Development */ = {
			isa = PBXGroup;
			children = (
				C994194C21A3E4740010524D /* Urls.plist */,
				C994194E21A3E5390010524D /* Debug_DevelopmentModel.h */,
				C994194F21A3E5390010524D /* Debug_DevelopmentModel.m */,
				C994195121A3E5A50010524D /* DebugViewController.h */,
				C994195221A3E5A50010524D /* DebugViewController.m */,
				C994195421A3E5E50010524D /* CameraHomeViewController+Debug_DevelopmentViewController.h */,
				C994195521A3E5E50010524D /* CameraHomeViewController+Debug_DevelopmentViewController.m */,
			);
			path = Debug_Development;
			sourceTree = "<group>";
		};
/* End PBXGroup section */

/* Begin PBXNativeTarget section */
		C97338C22192CF810016B440 /* CameraApp */ = {
			isa = PBXNativeTarget;
			buildConfigurationList = C97338EF2192CF840016B440 /* Build configuration list for PBXNativeTarget "CameraApp" */;
			buildPhases = (
				7212AF8A11661FC4BC9157C6 /* [CP] Check Pods Manifest.lock */,
				C97338BF2192CF810016B440 /* Sources */,
				C97338C02192CF810016B440 /* Frameworks */,
				C97338C12192CF810016B440 /* Resources */,
				AF99AD64658272E2D79ABD4A /* [CP] Copy Pods Resources */,
			);
			buildRules = (
			);
			dependencies = (
			);
			name = CameraApp;
			productName = CameraApp;
			productReference = C97338C32192CF810016B440 /* CameraApp.app */;
			productType = "com.apple.product-type.application";
		};
		C97338DA2192CF830016B440 /* CameraAppTests */ = {
			isa = PBXNativeTarget;
			buildConfigurationList = C97338F22192CF840016B440 /* Build configuration list for PBXNativeTarget "CameraAppTests" */;
			buildPhases = (
				C97338D72192CF830016B440 /* Sources */,
				C97338D82192CF830016B440 /* Frameworks */,
				C97338D92192CF830016B440 /* Resources */,
			);
			buildRules = (
			);
			dependencies = (
				C97338DD2192CF830016B440 /* PBXTargetDependency */,
			);
			name = CameraAppTests;
			productName = CameraAppTests;
			productReference = C97338DB2192CF830016B440 /* CameraAppTests.xctest */;
			productType = "com.apple.product-type.bundle.unit-test";
		};
		C97338E52192CF840016B440 /* CameraAppUITests */ = {
			isa = PBXNativeTarget;
			buildConfigurationList = C97338F52192CF840016B440 /* Build configuration list for PBXNativeTarget "CameraAppUITests" */;
			buildPhases = (
				C97338E22192CF840016B440 /* Sources */,
				C97338E32192CF840016B440 /* Frameworks */,
				C97338E42192CF840016B440 /* Resources */,
			);
			buildRules = (
			);
			dependencies = (
				C97338E82192CF840016B440 /* PBXTargetDependency */,
			);
			name = CameraAppUITests;
			productName = CameraAppUITests;
			productReference = C97338E62192CF840016B440 /* CameraAppUITests.xctest */;
			productType = "com.apple.product-type.bundle.ui-testing";
		};
/* End PBXNativeTarget section */

/* Begin PBXProject section */
		C97338BB2192CF810016B440 /* Project object */ = {
			isa = PBXProject;
			attributes = {
				LastUpgradeCheck = 1010;
				ORGANIZATIONNAME = "黄灿辉";
				TargetAttributes = {
					C97338C22192CF810016B440 = {
						CreatedOnToolsVersion = 10.1;
					};
					C97338DA2192CF830016B440 = {
						CreatedOnToolsVersion = 10.1;
						TestTargetID = C97338C22192CF810016B440;
					};
					C97338E52192CF840016B440 = {
						CreatedOnToolsVersion = 10.1;
						TestTargetID = C97338C22192CF810016B440;
					};
				};
			};
			buildConfigurationList = C97338BE2192CF810016B440 /* Build configuration list for PBXProject "CameraApp" */;
			compatibilityVersion = "Xcode 9.3";
			developmentRegion = en;
			hasScannedForEncodings = 0;
			knownRegions = (
				en,
				Base,
			);
			mainGroup = C97338BA2192CF810016B440;
			productRefGroup = C97338C42192CF810016B440 /* Products */;
			projectDirPath = "";
			projectRoot = "";
			targets = (
				C97338C22192CF810016B440 /* CameraApp */,
				C97338DA2192CF830016B440 /* CameraAppTests */,
				C97338E52192CF840016B440 /* CameraAppUITests */,
			);
		};
/* End PBXProject section */

/* Begin PBXResourcesBuildPhase section */
		C97338C12192CF810016B440 /* Resources */ = {
			isa = PBXResourcesBuildPhase;
			buildActionMask = 2147483647;
			files = (
				C994195B21A3EF460010524D /* config.strings in Resources */,
				C97338D32192CF830016B440 /* LaunchScreen.storyboard in Resources */,
				C98ED78E21966ECF0017A479 /* CHProgressHUD.bundle in Resources */,
				C97338D02192CF830016B440 /* Assets.xcassets in Resources */,
				C97338CE2192CF810016B440 /* Main.storyboard in Resources */,
				C994194D21A3E4740010524D /* Urls.plist in Resources */,
			);
			runOnlyForDeploymentPostprocessing = 0;
		};
		C97338D92192CF830016B440 /* Resources */ = {
			isa = PBXResourcesBuildPhase;
			buildActionMask = 2147483647;
			files = (
			);
			runOnlyForDeploymentPostprocessing = 0;
		};
		C97338E42192CF840016B440 /* Resources */ = {
			isa = PBXResourcesBuildPhase;
			buildActionMask = 2147483647;
			files = (
			);
			runOnlyForDeploymentPostprocessing = 0;
		};
/* End PBXResourcesBuildPhase section */

/* Begin PBXShellScriptBuildPhase section */
		7212AF8A11661FC4BC9157C6 /* [CP] Check Pods Manifest.lock */ = {
			isa = PBXShellScriptBuildPhase;
			buildActionMask = 2147483647;
			files = (
			);
			inputFileListPaths = (
			);
			inputPaths = (
				"${PODS_PODFILE_DIR_PATH}/Podfile.lock",
				"${PODS_ROOT}/Manifest.lock",
			);
			name = "[CP] Check Pods Manifest.lock";
			outputFileListPaths = (
			);
			outputPaths = (
				"$(DERIVED_FILE_DIR)/Pods-CameraApp-checkManifestLockResult.txt",
			);
			runOnlyForDeploymentPostprocessing = 0;
			shellPath = /bin/sh;
			shellScript = "diff \"${PODS_PODFILE_DIR_PATH}/Podfile.lock\" \"${PODS_ROOT}/Manifest.lock\" > /dev/null\nif [ $? != 0 ] ; then\n    # print error to STDERR\n    echo \"error: The sandbox is not in sync with the Podfile.lock. Run 'pod install' or update your CocoaPods installation.\" >&2\n    exit 1\nfi\n# This output is used by Xcode 'outputs' to avoid re-running this script phase.\necho \"SUCCESS\" > \"${SCRIPT_OUTPUT_FILE_0}\"\n";
			showEnvVarsInLog = 0;
		};
		AF99AD64658272E2D79ABD4A /* [CP] Copy Pods Resources */ = {
			isa = PBXShellScriptBuildPhase;
			buildActionMask = 2147483647;
			files = (
			);
			inputFileListPaths = (
			);
			inputPaths = (
				"${SRCROOT}/Pods/Target Support Files/Pods-CameraApp/Pods-CameraApp-resources.sh",
				"${PODS_ROOT}/MJRefresh/MJRefresh/MJRefresh.bundle",
			);
			name = "[CP] Copy Pods Resources";
			outputFileListPaths = (
			);
			outputPaths = (
				"${TARGET_BUILD_DIR}/${UNLOCALIZED_RESOURCES_FOLDER_PATH}/MJRefresh.bundle",
			);
			runOnlyForDeploymentPostprocessing = 0;
			shellPath = /bin/sh;
			shellScript = "\"${SRCROOT}/Pods/Target Support Files/Pods-CameraApp/Pods-CameraApp-resources.sh\"\n";
			showEnvVarsInLog = 0;
		};
/* End PBXShellScriptBuildPhase section */

/* Begin PBXSourcesBuildPhase section */
		C97338BF2192CF810016B440 /* Sources */ = {
			isa = PBXSourcesBuildPhase;
			buildActionMask = 2147483647;
			files = (
				C994193321A3A7AB0010524D /* AppDelegate+AppService.m in Sources */,
				C98ED75B219331B60017A479 /* APIClient.m in Sources */,
				C994193621A3AAC40010524D /* CameraHomeViewController.m in Sources */,
				C994194721A3B8160010524D /* UIView+CH.m in Sources */,
				C98ED79D219924E60017A479 /* CHTime.m in Sources */,
				C994195921A3EEBD0010524D /* CHUtil.m in Sources */,
				C994195621A3E5E50010524D /* CameraHomeViewController+Debug_DevelopmentViewController.m in Sources */,
				C994194A21A3DBA80010524D /* CHPhotoLibraryViewController.m in Sources */,
				C97338D62192CF830016B440 /* main.m in Sources */,
				C97338C82192CF810016B440 /* AppDelegate.m in Sources */,
				C994194421A3B5940010524D /* CHNavigationController.m in Sources */,
				C994195021A3E5390010524D /* Debug_DevelopmentModel.m in Sources */,
				C994194121A3B3690010524D /* UIViewController+AlertViewAndActionSheet.m in Sources */,
				C98ED7582192DCE50017A479 /* CHProgressHUD.m in Sources */,
				C994195321A3E5A50010524D /* DebugViewController.m in Sources */,
			);
			runOnlyForDeploymentPostprocessing = 0;
		};
		C97338D72192CF830016B440 /* Sources */ = {
			isa = PBXSourcesBuildPhase;
			buildActionMask = 2147483647;
			files = (
				C97338E02192CF830016B440 /* CameraAppTests.m in Sources */,
			);
			runOnlyForDeploymentPostprocessing = 0;
		};
		C97338E22192CF840016B440 /* Sources */ = {
			isa = PBXSourcesBuildPhase;
			buildActionMask = 2147483647;
			files = (
				C97338EB2192CF840016B440 /* CameraAppUITests.m in Sources */,
			);
			runOnlyForDeploymentPostprocessing = 0;
		};
/* End PBXSourcesBuildPhase section */

/* Begin PBXTargetDependency section */
		C97338DD2192CF830016B440 /* PBXTargetDependency */ = {
			isa = PBXTargetDependency;
			target = C97338C22192CF810016B440 /* CameraApp */;
			targetProxy = C97338DC2192CF830016B440 /* PBXContainerItemProxy */;
		};
		C97338E82192CF840016B440 /* PBXTargetDependency */ = {
			isa = PBXTargetDependency;
			target = C97338C22192CF810016B440 /* CameraApp */;
			targetProxy = C97338E72192CF840016B440 /* PBXContainerItemProxy */;
		};
/* End PBXTargetDependency section */

/* Begin PBXVariantGroup section */
		C97338CC2192CF810016B440 /* Main.storyboard */ = {
			isa = PBXVariantGroup;
			children = (
				C97338CD2192CF810016B440 /* Base */,
			);
			name = Main.storyboard;
			sourceTree = "<group>";
		};
		C97338D12192CF830016B440 /* LaunchScreen.storyboard */ = {
			isa = PBXVariantGroup;
			children = (
				C97338D22192CF830016B440 /* Base */,
			);
			name = LaunchScreen.storyboard;
			sourceTree = "<group>";
		};
/* End PBXVariantGroup section */

/* Begin XCBuildConfiguration section */
		C97338ED2192CF840016B440 /* Debug */ = {
			isa = XCBuildConfiguration;
			buildSettings = {
				ALWAYS_SEARCH_USER_PATHS = NO;
				CLANG_ANALYZER_NONNULL = YES;
				CLANG_ANALYZER_NUMBER_OBJECT_CONVERSION = YES_AGGRESSIVE;
				CLANG_CXX_LANGUAGE_STANDARD = "gnu++14";
				CLANG_CXX_LIBRARY = "libc++";
				CLANG_ENABLE_MODULES = YES;
				CLANG_ENABLE_OBJC_ARC = YES;
				CLANG_ENABLE_OBJC_WEAK = YES;
				CLANG_WARN_BLOCK_CAPTURE_AUTORELEASING = YES;
				CLANG_WARN_BOOL_CONVERSION = YES;
				CLANG_WARN_COMMA = YES;
				CLANG_WARN_CONSTANT_CONVERSION = YES;
				CLANG_WARN_DEPRECATED_OBJC_IMPLEMENTATIONS = YES;
				CLANG_WARN_DIRECT_OBJC_ISA_USAGE = YES_ERROR;
				CLANG_WARN_DOCUMENTATION_COMMENTS = YES;
				CLANG_WARN_EMPTY_BODY = YES;
				CLANG_WARN_ENUM_CONVERSION = YES;
				CLANG_WARN_INFINITE_RECURSION = YES;
				CLANG_WARN_INT_CONVERSION = YES;
				CLANG_WARN_NON_LITERAL_NULL_CONVERSION = YES;
				CLANG_WARN_OBJC_IMPLICIT_RETAIN_SELF = YES;
				CLANG_WARN_OBJC_LITERAL_CONVERSION = YES;
				CLANG_WARN_OBJC_ROOT_CLASS = YES_ERROR;
				CLANG_WARN_RANGE_LOOP_ANALYSIS = YES;
				CLANG_WARN_STRICT_PROTOTYPES = YES;
				CLANG_WARN_SUSPICIOUS_MOVE = YES;
				CLANG_WARN_UNGUARDED_AVAILABILITY = YES_AGGRESSIVE;
				CLANG_WARN_UNREACHABLE_CODE = YES;
				CLANG_WARN__DUPLICATE_METHOD_MATCH = YES;
				CODE_SIGN_IDENTITY = "iPhone Developer";
				COPY_PHASE_STRIP = NO;
				DEBUG_INFORMATION_FORMAT = dwarf;
				ENABLE_STRICT_OBJC_MSGSEND = YES;
				ENABLE_TESTABILITY = YES;
				GCC_C_LANGUAGE_STANDARD = gnu11;
				GCC_DYNAMIC_NO_PIC = NO;
				GCC_NO_COMMON_BLOCKS = YES;
				GCC_OPTIMIZATION_LEVEL = 0;
				GCC_PREPROCESSOR_DEFINITIONS = (
					"DEBUG=1",
					"$(inherited)",
				);
				GCC_WARN_64_TO_32_BIT_CONVERSION = YES;
				GCC_WARN_ABOUT_RETURN_TYPE = YES_ERROR;
				GCC_WARN_UNDECLARED_SELECTOR = YES;
				GCC_WARN_UNINITIALIZED_AUTOS = YES_AGGRESSIVE;
				GCC_WARN_UNUSED_FUNCTION = YES;
				GCC_WARN_UNUSED_VARIABLE = YES;
				IPHONEOS_DEPLOYMENT_TARGET = 12.1;
				MTL_ENABLE_DEBUG_INFO = INCLUDE_SOURCE;
				MTL_FAST_MATH = YES;
				ONLY_ACTIVE_ARCH = YES;
				SDKROOT = iphoneos;
			};
			name = Debug;
		};
		C97338EE2192CF840016B440 /* Release */ = {
			isa = XCBuildConfiguration;
			buildSettings = {
				ALWAYS_SEARCH_USER_PATHS = NO;
				CLANG_ANALYZER_NONNULL = YES;
				CLANG_ANALYZER_NUMBER_OBJECT_CONVERSION = YES_AGGRESSIVE;
				CLANG_CXX_LANGUAGE_STANDARD = "gnu++14";
				CLANG_CXX_LIBRARY = "libc++";
				CLANG_ENABLE_MODULES = YES;
				CLANG_ENABLE_OBJC_ARC = YES;
				CLANG_ENABLE_OBJC_WEAK = YES;
				CLANG_WARN_BLOCK_CAPTURE_AUTORELEASING = YES;
				CLANG_WARN_BOOL_CONVERSION = YES;
				CLANG_WARN_COMMA = YES;
				CLANG_WARN_CONSTANT_CONVERSION = YES;
				CLANG_WARN_DEPRECATED_OBJC_IMPLEMENTATIONS = YES;
				CLANG_WARN_DIRECT_OBJC_ISA_USAGE = YES_ERROR;
				CLANG_WARN_DOCUMENTATION_COMMENTS = YES;
				CLANG_WARN_EMPTY_BODY = YES;
				CLANG_WARN_ENUM_CONVERSION = YES;
				CLANG_WARN_INFINITE_RECURSION = YES;
				CLANG_WARN_INT_CONVERSION = YES;
				CLANG_WARN_NON_LITERAL_NULL_CONVERSION = YES;
				CLANG_WARN_OBJC_IMPLICIT_RETAIN_SELF = YES;
				CLANG_WARN_OBJC_LITERAL_CONVERSION = YES;
				CLANG_WARN_OBJC_ROOT_CLASS = YES_ERROR;
				CLANG_WARN_RANGE_LOOP_ANALYSIS = YES;
				CLANG_WARN_STRICT_PROTOTYPES = YES;
				CLANG_WARN_SUSPICIOUS_MOVE = YES;
				CLANG_WARN_UNGUARDED_AVAILABILITY = YES_AGGRESSIVE;
				CLANG_WARN_UNREACHABLE_CODE = YES;
				CLANG_WARN__DUPLICATE_METHOD_MATCH = YES;
				CODE_SIGN_IDENTITY = "iPhone Developer";
				COPY_PHASE_STRIP = NO;
				DEBUG_INFORMATION_FORMAT = "dwarf-with-dsym";
				ENABLE_NS_ASSERTIONS = NO;
				ENABLE_STRICT_OBJC_MSGSEND = YES;
				GCC_C_LANGUAGE_STANDARD = gnu11;
				GCC_NO_COMMON_BLOCKS = YES;
				GCC_WARN_64_TO_32_BIT_CONVERSION = YES;
				GCC_WARN_ABOUT_RETURN_TYPE = YES_ERROR;
				GCC_WARN_UNDECLARED_SELECTOR = YES;
				GCC_WARN_UNINITIALIZED_AUTOS = YES_AGGRESSIVE;
				GCC_WARN_UNUSED_FUNCTION = YES;
				GCC_WARN_UNUSED_VARIABLE = YES;
				IPHONEOS_DEPLOYMENT_TARGET = 12.1;
				MTL_ENABLE_DEBUG_INFO = NO;
				MTL_FAST_MATH = YES;
				SDKROOT = iphoneos;
				VALIDATE_PRODUCT = YES;
			};
			name = Release;
		};
		C97338F02192CF840016B440 /* Debug */ = {
			isa = XCBuildConfiguration;
			baseConfigurationReference = E2DF13393A24D610D46E1B32 /* Pods-CameraApp.debug.xcconfig */;
			buildSettings = {
				ASSETCATALOG_COMPILER_APPICON_NAME = AppIcon;
				CODE_SIGN_STYLE = Automatic;
				DEVELOPMENT_TEAM = 2JN7QK688A;
				GCC_PREFIX_HEADER = "/Users/aieffei/Desktop/CameraApp/CameraApp/Support File/PrefixHeader.pch";
				INFOPLIST_FILE = CameraApp/Info.plist;
				IPHONEOS_DEPLOYMENT_TARGET = 11.0;
				LD_RUNPATH_SEARCH_PATHS = (
					"$(inherited)",
					"@executable_path/Frameworks",
				);
				PRODUCT_BUNDLE_IDENTIFIER = fangline.CameraApp;
				PRODUCT_NAME = "$(TARGET_NAME)";
				TARGETED_DEVICE_FAMILY = "1,2";
				USER_HEADER_SEARCH_PATHS = "$(PODS_ROOT)/**";
			};
			name = Debug;
		};
		C97338F12192CF840016B440 /* Release */ = {
			isa = XCBuildConfiguration;
			baseConfigurationReference = B98D6032D2C354FDEABF3906 /* Pods-CameraApp.release.xcconfig */;
			buildSettings = {
				ASSETCATALOG_COMPILER_APPICON_NAME = AppIcon;
				CODE_SIGN_STYLE = Automatic;
				DEVELOPMENT_TEAM = 2JN7QK688A;
				GCC_PREFIX_HEADER = "/Users/aieffei/Desktop/CameraApp/CameraApp/Support File/PrefixHeader.pch";
				INFOPLIST_FILE = CameraApp/Info.plist;
				IPHONEOS_DEPLOYMENT_TARGET = 11.0;
				LD_RUNPATH_SEARCH_PATHS = (
					"$(inherited)",
					"@executable_path/Frameworks",
				);
				PRODUCT_BUNDLE_IDENTIFIER = fangline.CameraApp;
				PRODUCT_NAME = "$(TARGET_NAME)";
				TARGETED_DEVICE_FAMILY = "1,2";
				USER_HEADER_SEARCH_PATHS = "$(PODS_ROOT)/**";
			};
			name = Release;
		};
		C97338F32192CF840016B440 /* Debug */ = {
			isa = XCBuildConfiguration;
			buildSettings = {
				BUNDLE_LOADER = "$(TEST_HOST)";
				CODE_SIGN_STYLE = Automatic;
				INFOPLIST_FILE = CameraAppTests/Info.plist;
				LD_RUNPATH_SEARCH_PATHS = (
					"$(inherited)",
					"@executable_path/Frameworks",
					"@loader_path/Frameworks",
				);
				PRODUCT_BUNDLE_IDENTIFIER = fangline.CameraAppTests;
				PRODUCT_NAME = "$(TARGET_NAME)";
				TARGETED_DEVICE_FAMILY = "1,2";
				TEST_HOST = "$(BUILT_PRODUCTS_DIR)/CameraApp.app/CameraApp";
			};
			name = Debug;
		};
		C97338F42192CF840016B440 /* Release */ = {
			isa = XCBuildConfiguration;
			buildSettings = {
				BUNDLE_LOADER = "$(TEST_HOST)";
				CODE_SIGN_STYLE = Automatic;
				INFOPLIST_FILE = CameraAppTests/Info.plist;
				LD_RUNPATH_SEARCH_PATHS = (
					"$(inherited)",
					"@executable_path/Frameworks",
					"@loader_path/Frameworks",
				);
				PRODUCT_BUNDLE_IDENTIFIER = fangline.CameraAppTests;
				PRODUCT_NAME = "$(TARGET_NAME)";
				TARGETED_DEVICE_FAMILY = "1,2";
				TEST_HOST = "$(BUILT_PRODUCTS_DIR)/CameraApp.app/CameraApp";
			};
			name = Release;
		};
		C97338F62192CF840016B440 /* Debug */ = {
			isa = XCBuildConfiguration;
			buildSettings = {
				CODE_SIGN_STYLE = Automatic;
				INFOPLIST_FILE = CameraAppUITests/Info.plist;
				LD_RUNPATH_SEARCH_PATHS = (
					"$(inherited)",
					"@executable_path/Frameworks",
					"@loader_path/Frameworks",
				);
				PRODUCT_BUNDLE_IDENTIFIER = fangline.CameraAppUITests;
				PRODUCT_NAME = "$(TARGET_NAME)";
				TARGETED_DEVICE_FAMILY = "1,2";
				TEST_TARGET_NAME = CameraApp;
			};
			name = Debug;
		};
		C97338F72192CF840016B440 /* Release */ = {
			isa = XCBuildConfiguration;
			buildSettings = {
				CODE_SIGN_STYLE = Automatic;
				INFOPLIST_FILE = CameraAppUITests/Info.plist;
				LD_RUNPATH_SEARCH_PATHS = (
					"$(inherited)",
					"@executable_path/Frameworks",
					"@loader_path/Frameworks",
				);
				PRODUCT_BUNDLE_IDENTIFIER = fangline.CameraAppUITests;
				PRODUCT_NAME = "$(TARGET_NAME)";
				TARGETED_DEVICE_FAMILY = "1,2";
				TEST_TARGET_NAME = CameraApp;
			};
			name = Release;
		};
/* End XCBuildConfiguration section */

/* Begin XCConfigurationList section */
		C97338BE2192CF810016B440 /* Build configuration list for PBXProject "CameraApp" */ = {
			isa = XCConfigurationList;
			buildConfigurations = (
				C97338ED2192CF840016B440 /* Debug */,
				C97338EE2192CF840016B440 /* Release */,
			);
			defaultConfigurationIsVisible = 0;
			defaultConfigurationName = Release;
		};
		C97338EF2192CF840016B440 /* Build configuration list for PBXNativeTarget "CameraApp" */ = {
			isa = XCConfigurationList;
			buildConfigurations = (
				C97338F02192CF840016B440 /* Debug */,
				C97338F12192CF840016B440 /* Release */,
			);
			defaultConfigurationIsVisible = 0;
			defaultConfigurationName = Release;
		};
		C97338F22192CF840016B440 /* Build configuration list for PBXNativeTarget "CameraAppTests" */ = {
			isa = XCConfigurationList;
			buildConfigurations = (
				C97338F32192CF840016B440 /* Debug */,
				C97338F42192CF840016B440 /* Release */,
			);
			defaultConfigurationIsVisible = 0;
			defaultConfigurationName = Release;
		};
		C97338F52192CF840016B440 /* Build configuration list for PBXNativeTarget "CameraAppUITests" */ = {
			isa = XCConfigurationList;
			buildConfigurations = (
				C97338F62192CF840016B440 /* Debug */,
				C97338F72192CF840016B440 /* Release */,
			);
			defaultConfigurationIsVisible = 0;
			defaultConfigurationName = Release;
		};
/* End XCConfigurationList section */
	};
	rootObject = C97338BB2192CF810016B440 /* Project object */;
}
