// !$*UTF8*$!
{
	archiveVersion = 1;
	classes = {
	};
	objectVersion = 50;
	objects = {

/* Begin PBXBuildFile section */
		C919BB1921A660E600AE9E36 /* FMDatabaseQueue.m in Sources */ = {isa = PBXBuildFile; fileRef = C919BB0C21A660E500AE9E36 /* FMDatabaseQueue.m */; };
		C919BB1A21A660E600AE9E36 /* FMDatabaseAdditions.m in Sources */ = {isa = PBXBuildFile; fileRef = C919BB0F21A660E500AE9E36 /* FMDatabaseAdditions.m */; };
		C919BB1B21A660E600AE9E36 /* FMDatabase.m in Sources */ = {isa = PBXBuildFile; fileRef = C919BB1021A660E500AE9E36 /* FMDatabase.m */; };
		C919BB1C21A660E600AE9E36 /* FMDatabasePool.m in Sources */ = {isa = PBXBuildFile; fileRef = C919BB1421A660E500AE9E36 /* FMDatabasePool.m */; };
		C919BB1D21A660E600AE9E36 /* FMResultSet.m in Sources */ = {isa = PBXBuildFile; fileRef = C919BB1521A660E500AE9E36 /* FMResultSet.m */; };
		C919BB1E21A660E600AE9E36 /* JQFMDB.m in Sources */ = {isa = PBXBuildFile; fileRef = C919BB1721A660E600AE9E36 /* JQFMDB.m */; };
		C919BB2121A6618E00AE9E36 /* Personal.m in Sources */ = {isa = PBXBuildFile; fileRef = C919BB2021A6618E00AE9E36 /* Personal.m */; };
		C9479E7121ACE38400878508 /* PhotoListCollectionViewCell.m in Sources */ = {isa = PBXBuildFile; fileRef = C9479E7021ACE38400878508 /* PhotoListCollectionViewCell.m */; };
		C9479E7421AD163500878508 /* CHBottomButton.m in Sources */ = {isa = PBXBuildFile; fileRef = C9479E7321AD163500878508 /* CHBottomButton.m */; };
		C9479E7A21AD2E6E00878508 /* ApplicationOpenUrlHandle.m in Sources */ = {isa = PBXBuildFile; fileRef = C9479E7921AD2E6E00878508 /* ApplicationOpenUrlHandle.m */; };
		C9479E7D21AD2FD000878508 /* ShareManager.m in Sources */ = {isa = PBXBuildFile; fileRef = C9479E7C21AD2FD000878508 /* ShareManager.m */; };
		C9479E7F21AE45E300878508 /* TipsSkill.plist in Resources */ = {isa = PBXBuildFile; fileRef = C9479E7E21AE45E300878508 /* TipsSkill.plist */; };
		C9479E8221AE6D3F00878508 /* TipsModel.m in Sources */ = {isa = PBXBuildFile; fileRef = C9479E8121AE6D3F00878508 /* TipsModel.m */; };
		C9479E8521AE6E8500878508 /* CHTakePhotoViewModel.m in Sources */ = {isa = PBXBuildFile; fileRef = C9479E8421AE6E8500878508 /* CHTakePhotoViewModel.m */; };
		C9479E8821AFC00C00878508 /* TakePhotoAlertView.m in Sources */ = {isa = PBXBuildFile; fileRef = C9479E8721AFC00C00878508 /* TakePhotoAlertView.m */; };
		C95E688321A7F9FA00CE5790 /* LLPhotoBrowser.m in Sources */ = {isa = PBXBuildFile; fileRef = C95E687821A7F9FA00CE5790 /* LLPhotoBrowser.m */; };
		C95E688421A7F9FA00CE5790 /* LLImageCache.m in Sources */ = {isa = PBXBuildFile; fileRef = C95E687B21A7F9FA00CE5790 /* LLImageCache.m */; };
		C95E688521A7F9FA00CE5790 /* LLFileManager.m in Sources */ = {isa = PBXBuildFile; fileRef = C95E687C21A7F9FA00CE5790 /* LLFileManager.m */; };
		C95E688621A7F9FA00CE5790 /* LLPhoto.m in Sources */ = {isa = PBXBuildFile; fileRef = C95E687F21A7F9FA00CE5790 /* LLPhoto.m */; };
		C95E688721A7F9FA00CE5790 /* LLCollectionViewCell.m in Sources */ = {isa = PBXBuildFile; fileRef = C95E688021A7F9FA00CE5790 /* LLCollectionViewCell.m */; };
		C95E689021A925FA00CE5790 /* CHCompressImageManager.m in Sources */ = {isa = PBXBuildFile; fileRef = C95E688F21A925FA00CE5790 /* CHCompressImageManager.m */; };
		C95E689321A9430400CE5790 /* UIViewController+CH.m in Sources */ = {isa = PBXBuildFile; fileRef = C95E689221A9430400CE5790 /* UIViewController+CH.m */; };
		C95E689621A9475300CE5790 /* PhotoTakeTimeMath.m in Sources */ = {isa = PBXBuildFile; fileRef = C95E689521A9475300CE5790 /* PhotoTakeTimeMath.m */; };
		C95E689C21AB946B00CE5790 /* NSString+CH.m in Sources */ = {isa = PBXBuildFile; fileRef = C95E689B21AB946B00CE5790 /* NSString+CH.m */; };
		C95E689F21AB957800CE5790 /* NSObject+CH.m in Sources */ = {isa = PBXBuildFile; fileRef = C95E689E21AB957800CE5790 /* NSObject+CH.m */; };
		C95E68A221ABD8B000CE5790 /* PhotoLibraryReusableHeaderView.m in Sources */ = {isa = PBXBuildFile; fileRef = C95E68A121ABD8B000CE5790 /* PhotoLibraryReusableHeaderView.m */; };
		C97338C82192CF810016B440 /* AppDelegate.m in Sources */ = {isa = PBXBuildFile; fileRef = C97338C72192CF810016B440 /* AppDelegate.m */; };
		C97338CE2192CF810016B440 /* Main.storyboard in Resources */ = {isa = PBXBuildFile; fileRef = C97338CC2192CF810016B440 /* Main.storyboard */; };
		C97338D02192CF830016B440 /* Assets.xcassets in Resources */ = {isa = PBXBuildFile; fileRef = C97338CF2192CF830016B440 /* Assets.xcassets */; };
		C97338D32192CF830016B440 /* LaunchScreen.storyboard in Resources */ = {isa = PBXBuildFile; fileRef = C97338D12192CF830016B440 /* LaunchScreen.storyboard */; };
		C97338D62192CF830016B440 /* main.m in Sources */ = {isa = PBXBuildFile; fileRef = C97338D52192CF830016B440 /* main.m */; };
		C97338E02192CF830016B440 /* CameraAppTests.m in Sources */ = {isa = PBXBuildFile; fileRef = C97338DF2192CF830016B440 /* CameraAppTests.m */; };
		C97338EB2192CF840016B440 /* CameraAppUITests.m in Sources */ = {isa = PBXBuildFile; fileRef = C97338EA2192CF840016B440 /* CameraAppUITests.m */; };
		C98ED75B219331B60017A479 /* APIClient.m in Sources */ = {isa = PBXBuildFile; fileRef = C98ED75A219331B60017A479 /* APIClient.m */; };
		C98ED79D219924E60017A479 /* CHTime.m in Sources */ = {isa = PBXBuildFile; fileRef = C98ED79C219924E60017A479 /* CHTime.m */; };
		C994193321A3A7AB0010524D /* AppDelegate+AppService.m in Sources */ = {isa = PBXBuildFile; fileRef = C994193221A3A7AB0010524D /* AppDelegate+AppService.m */; };
		C994193621A3AAC40010524D /* CameraHomeViewController.m in Sources */ = {isa = PBXBuildFile; fileRef = C994193521A3AAC40010524D /* CameraHomeViewController.m */; };
		C994194121A3B3690010524D /* UIViewController+AlertViewAndActionSheet.m in Sources */ = {isa = PBXBuildFile; fileRef = C994194021A3B3690010524D /* UIViewController+AlertViewAndActionSheet.m */; };
		C994194421A3B5940010524D /* CHNavigationController.m in Sources */ = {isa = PBXBuildFile; fileRef = C994194321A3B5940010524D /* CHNavigationController.m */; };
		C994194721A3B8160010524D /* UIView+CH.m in Sources */ = {isa = PBXBuildFile; fileRef = C994194621A3B8160010524D /* UIView+CH.m */; };
		C994194A21A3DBA80010524D /* CHPhotoLibraryViewController.m in Sources */ = {isa = PBXBuildFile; fileRef = C994194921A3DBA80010524D /* CHPhotoLibraryViewController.m */; };
		C994194D21A3E4740010524D /* Urls.plist in Resources */ = {isa = PBXBuildFile; fileRef = C994194C21A3E4740010524D /* Urls.plist */; };
		C994195021A3E5390010524D /* Debug_DevelopmentModel.m in Sources */ = {isa = PBXBuildFile; fileRef = C994194F21A3E5390010524D /* Debug_DevelopmentModel.m */; };
		C994195321A3E5A50010524D /* DebugViewController.m in Sources */ = {isa = PBXBuildFile; fileRef = C994195221A3E5A50010524D /* DebugViewController.m */; };
		C994195621A3E5E50010524D /* CameraHomeViewController+Debug_DevelopmentViewController.m in Sources */ = {isa = PBXBuildFile; fileRef = C994195521A3E5E50010524D /* CameraHomeViewController+Debug_DevelopmentViewController.m */; };
		C994195921A3EEBD0010524D /* CHUtil.m in Sources */ = {isa = PBXBuildFile; fileRef = C994195821A3EEBD0010524D /* CHUtil.m */; };
		C994195B21A3EF460010524D /* config.strings in Resources */ = {isa = PBXBuildFile; fileRef = C994195A21A3EF460010524D /* config.strings */; };
		C994195E21A403340010524D /* ECAuthorizationTools.m in Sources */ = {isa = PBXBuildFile; fileRef = C994195C21A403340010524D /* ECAuthorizationTools.m */; };
		C994196121A4039A0010524D /* CameraHomeViewController+AuthorizationAndLayer.m in Sources */ = {isa = PBXBuildFile; fileRef = C994196021A4039A0010524D /* CameraHomeViewController+AuthorizationAndLayer.m */; };
		C994196521A4F4F60010524D /* ImageObject.m in Sources */ = {isa = PBXBuildFile; fileRef = C994196421A4F4F60010524D /* ImageObject.m */; };
		C994196821A4FE3E0010524D /* CHTipsViewController.m in Sources */ = {isa = PBXBuildFile; fileRef = C994196721A4FE3E0010524D /* CHTipsViewController.m */; };
		C994196B21A5087A0010524D /* CHSpringView.m in Sources */ = {isa = PBXBuildFile; fileRef = C994196A21A5087A0010524D /* CHSpringView.m */; };
		C9A0872B21AFE67C0042FFB2 /* CHBorderButton.m in Sources */ = {isa = PBXBuildFile; fileRef = C9A0872A21AFE67C0042FFB2 /* CHBorderButton.m */; };
		C9A0872F21B0C8DB0042FFB2 /* UpdateModel.m in Sources */ = {isa = PBXBuildFile; fileRef = C9A0872E21B0C8DB0042FFB2 /* UpdateModel.m */; };
		C9A0873221B0CEDB0042FFB2 /* CHAppVersionInfo.m in Sources */ = {isa = PBXBuildFile; fileRef = C9A0873121B0CEDB0042FFB2 /* CHAppVersionInfo.m */; };
		C9C0567921A69CF600FE6160 /* CHPhotoLibraryListViewController.m in Sources */ = {isa = PBXBuildFile; fileRef = C9C0567821A69CF600FE6160 /* CHPhotoLibraryListViewController.m */; };
		C9C0569221A7D0A900FE6160 /* CHBrowserBottomView.m in Sources */ = {isa = PBXBuildFile; fileRef = C9C0569121A7D0A900FE6160 /* CHBrowserBottomView.m */; };
		C9E5222721A68E8A008CF74E /* CHImageLibraryButton.m in Sources */ = {isa = PBXBuildFile; fileRef = C9E5222621A68E8A008CF74E /* CHImageLibraryButton.m */; };
		F44E130B164888A0BEE8AAC9 /* libPods-CameraApp.a in Frameworks */ = {isa = PBXBuildFile; fileRef = 8D5FAA60EEB040A0CCC0C74E /* libPods-CameraApp.a */; };
/* End PBXBuildFile section */

/* Begin PBXContainerItemProxy section */
		C97338DC2192CF830016B440 /* PBXContainerItemProxy */ = {
			isa = PBXContainerItemProxy;
			containerPortal = C97338BB2192CF810016B440 /* Project object */;
			proxyType = 1;
			remoteGlobalIDString = C97338C22192CF810016B440;
			remoteInfo = CameraApp;
		};
		C97338E72192CF840016B440 /* PBXContainerItemProxy */ = {
			isa = PBXContainerItemProxy;
			containerPortal = C97338BB2192CF810016B440 /* Project object */;
			proxyType = 1;
			remoteGlobalIDString = C97338C22192CF810016B440;
			remoteInfo = CameraApp;
		};
/* End PBXContainerItemProxy section */

/* Begin PBXFileReference section */
		8D5FAA60EEB040A0CCC0C74E /* libPods-CameraApp.a */ = {isa = PBXFileReference; explicitFileType = archive.ar; includeInIndex = 0; path = "libPods-CameraApp.a"; sourceTree = BUILT_PRODUCTS_DIR; };
		B98D6032D2C354FDEABF3906 /* Pods-CameraApp.release.xcconfig */ = {isa = PBXFileReference; includeInIndex = 1; lastKnownFileType = text.xcconfig; name = "Pods-CameraApp.release.xcconfig"; path = "Pods/Target Support Files/Pods-CameraApp/Pods-CameraApp.release.xcconfig"; sourceTree = "<group>"; };
		C919BB0B21A660E500AE9E36 /* FMDatabase.h */ = {isa = PBXFileReference; fileEncoding = 4; lastKnownFileType = sourcecode.c.h; path = FMDatabase.h; sourceTree = "<group>"; };
		C919BB0C21A660E500AE9E36 /* FMDatabaseQueue.m */ = {isa = PBXFileReference; fileEncoding = 4; lastKnownFileType = sourcecode.c.objc; path = FMDatabaseQueue.m; sourceTree = "<group>"; };
		C919BB0D21A660E500AE9E36 /* FMResultSet.h */ = {isa = PBXFileReference; fileEncoding = 4; lastKnownFileType = sourcecode.c.h; path = FMResultSet.h; sourceTree = "<group>"; };
		C919BB0E21A660E500AE9E36 /* FMDatabasePool.h */ = {isa = PBXFileReference; fileEncoding = 4; lastKnownFileType = sourcecode.c.h; path = FMDatabasePool.h; sourceTree = "<group>"; };
		C919BB0F21A660E500AE9E36 /* FMDatabaseAdditions.m */ = {isa = PBXFileReference; fileEncoding = 4; lastKnownFileType = sourcecode.c.objc; path = FMDatabaseAdditions.m; sourceTree = "<group>"; };
		C919BB1021A660E500AE9E36 /* FMDatabase.m */ = {isa = PBXFileReference; fileEncoding = 4; lastKnownFileType = sourcecode.c.objc; path = FMDatabase.m; sourceTree = "<group>"; };
		C919BB1121A660E500AE9E36 /* FMDatabaseQueue.h */ = {isa = PBXFileReference; fileEncoding = 4; lastKnownFileType = sourcecode.c.h; path = FMDatabaseQueue.h; sourceTree = "<group>"; };
		C919BB1221A660E500AE9E36 /* FMDB.h */ = {isa = PBXFileReference; fileEncoding = 4; lastKnownFileType = sourcecode.c.h; path = FMDB.h; sourceTree = "<group>"; };
		C919BB1321A660E500AE9E36 /* FMDatabaseAdditions.h */ = {isa = PBXFileReference; fileEncoding = 4; lastKnownFileType = sourcecode.c.h; path = FMDatabaseAdditions.h; sourceTree = "<group>"; };
		C919BB1421A660E500AE9E36 /* FMDatabasePool.m */ = {isa = PBXFileReference; fileEncoding = 4; lastKnownFileType = sourcecode.c.objc; path = FMDatabasePool.m; sourceTree = "<group>"; };
		C919BB1521A660E500AE9E36 /* FMResultSet.m */ = {isa = PBXFileReference; fileEncoding = 4; lastKnownFileType = sourcecode.c.objc; path = FMResultSet.m; sourceTree = "<group>"; };
		C919BB1721A660E600AE9E36 /* JQFMDB.m */ = {isa = PBXFileReference; fileEncoding = 4; lastKnownFileType = sourcecode.c.objc; path = JQFMDB.m; sourceTree = "<group>"; };
		C919BB1821A660E600AE9E36 /* JQFMDB.h */ = {isa = PBXFileReference; fileEncoding = 4; lastKnownFileType = sourcecode.c.h; path = JQFMDB.h; sourceTree = "<group>"; };
		C919BB1F21A6618E00AE9E36 /* Personal.h */ = {isa = PBXFileReference; lastKnownFileType = sourcecode.c.h; path = Personal.h; sourceTree = "<group>"; };
		C919BB2021A6618E00AE9E36 /* Personal.m */ = {isa = PBXFileReference; lastKnownFileType = sourcecode.c.objc; path = Personal.m; sourceTree = "<group>"; };
		C9479E6F21ACE38400878508 /* PhotoListCollectionViewCell.h */ = {isa = PBXFileReference; lastKnownFileType = sourcecode.c.h; path = PhotoListCollectionViewCell.h; sourceTree = "<group>"; };
		C9479E7021ACE38400878508 /* PhotoListCollectionViewCell.m */ = {isa = PBXFileReference; lastKnownFileType = sourcecode.c.objc; path = PhotoListCollectionViewCell.m; sourceTree = "<group>"; };
		C9479E7221AD163500878508 /* CHBottomButton.h */ = {isa = PBXFileReference; lastKnownFileType = sourcecode.c.h; path = CHBottomButton.h; sourceTree = "<group>"; };
		C9479E7321AD163500878508 /* CHBottomButton.m */ = {isa = PBXFileReference; lastKnownFileType = sourcecode.c.objc; path = CHBottomButton.m; sourceTree = "<group>"; };
		C9479E7821AD2E6E00878508 /* ApplicationOpenUrlHandle.h */ = {isa = PBXFileReference; lastKnownFileType = sourcecode.c.h; path = ApplicationOpenUrlHandle.h; sourceTree = "<group>"; };
		C9479E7921AD2E6E00878508 /* ApplicationOpenUrlHandle.m */ = {isa = PBXFileReference; lastKnownFileType = sourcecode.c.objc; path = ApplicationOpenUrlHandle.m; sourceTree = "<group>"; };
		C9479E7B21AD2FD000878508 /* ShareManager.h */ = {isa = PBXFileReference; lastKnownFileType = sourcecode.c.h; path = ShareManager.h; sourceTree = "<group>"; };
		C9479E7C21AD2FD000878508 /* ShareManager.m */ = {isa = PBXFileReference; lastKnownFileType = sourcecode.c.objc; path = ShareManager.m; sourceTree = "<group>"; };
		C9479E7E21AE45E300878508 /* TipsSkill.plist */ = {isa = PBXFileReference; lastKnownFileType = text.plist.xml; path = TipsSkill.plist; sourceTree = "<group>"; };
		C9479E8021AE6D3F00878508 /* TipsModel.h */ = {isa = PBXFileReference; lastKnownFileType = sourcecode.c.h; path = TipsModel.h; sourceTree = "<group>"; };
		C9479E8121AE6D3F00878508 /* TipsModel.m */ = {isa = PBXFileReference; lastKnownFileType = sourcecode.c.objc; path = TipsModel.m; sourceTree = "<group>"; };
		C9479E8321AE6E8500878508 /* CHTakePhotoViewModel.h */ = {isa = PBXFileReference; lastKnownFileType = sourcecode.c.h; path = CHTakePhotoViewModel.h; sourceTree = "<group>"; };
		C9479E8421AE6E8500878508 /* CHTakePhotoViewModel.m */ = {isa = PBXFileReference; lastKnownFileType = sourcecode.c.objc; path = CHTakePhotoViewModel.m; sourceTree = "<group>"; };
		C9479E8621AFC00C00878508 /* TakePhotoAlertView.h */ = {isa = PBXFileReference; lastKnownFileType = sourcecode.c.h; path = TakePhotoAlertView.h; sourceTree = "<group>"; };
		C9479E8721AFC00C00878508 /* TakePhotoAlertView.m */ = {isa = PBXFileReference; lastKnownFileType = sourcecode.c.objc; path = TakePhotoAlertView.m; sourceTree = "<group>"; };
		C95E687821A7F9FA00CE5790 /* LLPhotoBrowser.m */ = {isa = PBXFileReference; fileEncoding = 4; lastKnownFileType = sourcecode.c.objc; path = LLPhotoBrowser.m; sourceTree = "<group>"; };
		C95E687921A7F9FA00CE5790 /* LLCollectionViewCell.h */ = {isa = PBXFileReference; fileEncoding = 4; lastKnownFileType = sourcecode.c.h; path = LLCollectionViewCell.h; sourceTree = "<group>"; };
		C95E687B21A7F9FA00CE5790 /* LLImageCache.m */ = {isa = PBXFileReference; fileEncoding = 4; lastKnownFileType = sourcecode.c.objc; path = LLImageCache.m; sourceTree = "<group>"; };
		C95E687C21A7F9FA00CE5790 /* LLFileManager.m */ = {isa = PBXFileReference; fileEncoding = 4; lastKnownFileType = sourcecode.c.objc; path = LLFileManager.m; sourceTree = "<group>"; };
		C95E687D21A7F9FA00CE5790 /* LLImageCache.h */ = {isa = PBXFileReference; fileEncoding = 4; lastKnownFileType = sourcecode.c.h; path = LLImageCache.h; sourceTree = "<group>"; };
		C95E687E21A7F9FA00CE5790 /* LLFileManager.h */ = {isa = PBXFileReference; fileEncoding = 4; lastKnownFileType = sourcecode.c.h; path = LLFileManager.h; sourceTree = "<group>"; };
		C95E687F21A7F9FA00CE5790 /* LLPhoto.m */ = {isa = PBXFileReference; fileEncoding = 4; lastKnownFileType = sourcecode.c.objc; path = LLPhoto.m; sourceTree = "<group>"; };
		C95E688021A7F9FA00CE5790 /* LLCollectionViewCell.m */ = {isa = PBXFileReference; fileEncoding = 4; lastKnownFileType = sourcecode.c.objc; path = LLCollectionViewCell.m; sourceTree = "<group>"; };
		C95E688121A7F9FA00CE5790 /* LLPhotoBrowser.h */ = {isa = PBXFileReference; fileEncoding = 4; lastKnownFileType = sourcecode.c.h; path = LLPhotoBrowser.h; sourceTree = "<group>"; };
		C95E688221A7F9FA00CE5790 /* LLPhoto.h */ = {isa = PBXFileReference; fileEncoding = 4; lastKnownFileType = sourcecode.c.h; path = LLPhoto.h; sourceTree = "<group>"; };
		C95E688E21A925FA00CE5790 /* CHCompressImageManager.h */ = {isa = PBXFileReference; lastKnownFileType = sourcecode.c.h; path = CHCompressImageManager.h; sourceTree = "<group>"; };
		C95E688F21A925FA00CE5790 /* CHCompressImageManager.m */ = {isa = PBXFileReference; lastKnownFileType = sourcecode.c.objc; path = CHCompressImageManager.m; sourceTree = "<group>"; };
		C95E689121A9430400CE5790 /* UIViewController+CH.h */ = {isa = PBXFileReference; lastKnownFileType = sourcecode.c.h; path = "UIViewController+CH.h"; sourceTree = "<group>"; };
		C95E689221A9430400CE5790 /* UIViewController+CH.m */ = {isa = PBXFileReference; lastKnownFileType = sourcecode.c.objc; path = "UIViewController+CH.m"; sourceTree = "<group>"; };
		C95E689421A9475300CE5790 /* PhotoTakeTimeMath.h */ = {isa = PBXFileReference; lastKnownFileType = sourcecode.c.h; path = PhotoTakeTimeMath.h; sourceTree = "<group>"; };
		C95E689521A9475300CE5790 /* PhotoTakeTimeMath.m */ = {isa = PBXFileReference; lastKnownFileType = sourcecode.c.objc; path = PhotoTakeTimeMath.m; sourceTree = "<group>"; };
		C95E689A21AB946A00CE5790 /* NSString+CH.h */ = {isa = PBXFileReference; lastKnownFileType = sourcecode.c.h; path = "NSString+CH.h"; sourceTree = "<group>"; };
		C95E689B21AB946B00CE5790 /* NSString+CH.m */ = {isa = PBXFileReference; lastKnownFileType = sourcecode.c.objc; path = "NSString+CH.m"; sourceTree = "<group>"; };
		C95E689D21AB957800CE5790 /* NSObject+CH.h */ = {isa = PBXFileReference; lastKnownFileType = sourcecode.c.h; path = "NSObject+CH.h"; sourceTree = "<group>"; };
		C95E689E21AB957800CE5790 /* NSObject+CH.m */ = {isa = PBXFileReference; lastKnownFileType = sourcecode.c.objc; path = "NSObject+CH.m"; sourceTree = "<group>"; };
		C95E68A021ABD8B000CE5790 /* PhotoLibraryReusableHeaderView.h */ = {isa = PBXFileReference; lastKnownFileType = sourcecode.c.h; path = PhotoLibraryReusableHeaderView.h; sourceTree = "<group>"; };
		C95E68A121ABD8B000CE5790 /* PhotoLibraryReusableHeaderView.m */ = {isa = PBXFileReference; lastKnownFileType = sourcecode.c.objc; path = PhotoLibraryReusableHeaderView.m; sourceTree = "<group>"; };
		C97338C32192CF810016B440 /* CameraApp.app */ = {isa = PBXFileReference; explicitFileType = wrapper.application; includeInIndex = 0; path = CameraApp.app; sourceTree = BUILT_PRODUCTS_DIR; };
		C97338C62192CF810016B440 /* AppDelegate.h */ = {isa = PBXFileReference; lastKnownFileType = sourcecode.c.h; path = AppDelegate.h; sourceTree = "<group>"; };
		C97338C72192CF810016B440 /* AppDelegate.m */ = {isa = PBXFileReference; lastKnownFileType = sourcecode.c.objc; path = AppDelegate.m; sourceTree = "<group>"; };
		C97338CD2192CF810016B440 /* Base */ = {isa = PBXFileReference; lastKnownFileType = file.storyboard; name = Base; path = Base.lproj/Main.storyboard; sourceTree = "<group>"; };
		C97338CF2192CF830016B440 /* Assets.xcassets */ = {isa = PBXFileReference; lastKnownFileType = folder.assetcatalog; path = Assets.xcassets; sourceTree = "<group>"; };
		C97338D22192CF830016B440 /* Base */ = {isa = PBXFileReference; lastKnownFileType = file.storyboard; name = Base; path = Base.lproj/LaunchScreen.storyboard; sourceTree = "<group>"; };
		C97338D42192CF830016B440 /* Info.plist */ = {isa = PBXFileReference; lastKnownFileType = text.plist.xml; path = Info.plist; sourceTree = "<group>"; };
		C97338D52192CF830016B440 /* main.m */ = {isa = PBXFileReference; lastKnownFileType = sourcecode.c.objc; path = main.m; sourceTree = "<group>"; };
		C97338DB2192CF830016B440 /* CameraAppTests.xctest */ = {isa = PBXFileReference; explicitFileType = wrapper.cfbundle; includeInIndex = 0; path = CameraAppTests.xctest; sourceTree = BUILT_PRODUCTS_DIR; };
		C97338DF2192CF830016B440 /* CameraAppTests.m */ = {isa = PBXFileReference; lastKnownFileType = sourcecode.c.objc; path = CameraAppTests.m; sourceTree = "<group>"; };
		C97338E12192CF830016B440 /* Info.plist */ = {isa = PBXFileReference; lastKnownFileType = text.plist.xml; path = Info.plist; sourceTree = "<group>"; };
		C97338E62192CF840016B440 /* CameraAppUITests.xctest */ = {isa = PBXFileReference; explicitFileType = wrapper.cfbundle; includeInIndex = 0; path = CameraAppUITests.xctest; sourceTree = BUILT_PRODUCTS_DIR; };
		C97338EA2192CF840016B440 /* CameraAppUITests.m */ = {isa = PBXFileReference; lastKnownFileType = sourcecode.c.objc; path = CameraAppUITests.m; sourceTree = "<group>"; };
		C97338EC2192CF840016B440 /* Info.plist */ = {isa = PBXFileReference; lastKnownFileType = text.plist.xml; path = Info.plist; sourceTree = "<group>"; };
		C98ED7522192D5730017A479 /* SystemsMacros.h */ = {isa = PBXFileReference; lastKnownFileType = sourcecode.c.h; path = SystemsMacros.h; sourceTree = "<group>"; };
		C98ED7532192D5960017A479 /* ApiMacros.h */ = {isa = PBXFileReference; lastKnownFileType = sourcecode.c.h; path = ApiMacros.h; sourceTree = "<group>"; };
		C98ED7542192D5B00017A479 /* PrefixHeader.pch */ = {isa = PBXFileReference; lastKnownFileType = sourcecode.c.h; path = PrefixHeader.pch; sourceTree = "<group>"; };
		C98ED7552192D6090017A479 /* ThirdPartyMacros.h */ = {isa = PBXFileReference; lastKnownFileType = sourcecode.c.h; path = ThirdPartyMacros.h; sourceTree = "<group>"; };
		C98ED759219331B60017A479 /* APIClient.h */ = {isa = PBXFileReference; lastKnownFileType = sourcecode.c.h; path = APIClient.h; sourceTree = "<group>"; };
		C98ED75A219331B60017A479 /* APIClient.m */ = {isa = PBXFileReference; lastKnownFileType = sourcecode.c.objc; path = APIClient.m; sourceTree = "<group>"; };
		C98ED79B219924E60017A479 /* CHTime.h */ = {isa = PBXFileReference; lastKnownFileType = sourcecode.c.h; path = CHTime.h; sourceTree = "<group>"; };
		C98ED79C219924E60017A479 /* CHTime.m */ = {isa = PBXFileReference; lastKnownFileType = sourcecode.c.objc; path = CHTime.m; sourceTree = "<group>"; };
		C994193121A3A7AB0010524D /* AppDelegate+AppService.h */ = {isa = PBXFileReference; lastKnownFileType = sourcecode.c.h; path = "AppDelegate+AppService.h"; sourceTree = "<group>"; };
		C994193221A3A7AB0010524D /* AppDelegate+AppService.m */ = {isa = PBXFileReference; lastKnownFileType = sourcecode.c.objc; path = "AppDelegate+AppService.m"; sourceTree = "<group>"; };
		C994193421A3AAC40010524D /* CameraHomeViewController.h */ = {isa = PBXFileReference; lastKnownFileType = sourcecode.c.h; path = CameraHomeViewController.h; sourceTree = "<group>"; };
		C994193521A3AAC40010524D /* CameraHomeViewController.m */ = {isa = PBXFileReference; lastKnownFileType = sourcecode.c.objc; path = CameraHomeViewController.m; sourceTree = "<group>"; };
		C994193F21A3B3690010524D /* UIViewController+AlertViewAndActionSheet.h */ = {isa = PBXFileReference; lastKnownFileType = sourcecode.c.h; path = "UIViewController+AlertViewAndActionSheet.h"; sourceTree = "<group>"; };
		C994194021A3B3690010524D /* UIViewController+AlertViewAndActionSheet.m */ = {isa = PBXFileReference; lastKnownFileType = sourcecode.c.objc; path = "UIViewController+AlertViewAndActionSheet.m"; sourceTree = "<group>"; };
		C994194221A3B5940010524D /* CHNavigationController.h */ = {isa = PBXFileReference; lastKnownFileType = sourcecode.c.h; path = CHNavigationController.h; sourceTree = "<group>"; };
		C994194321A3B5940010524D /* CHNavigationController.m */ = {isa = PBXFileReference; lastKnownFileType = sourcecode.c.objc; path = CHNavigationController.m; sourceTree = "<group>"; };
		C994194521A3B8160010524D /* UIView+CH.h */ = {isa = PBXFileReference; lastKnownFileType = sourcecode.c.h; path = "UIView+CH.h"; sourceTree = "<group>"; };
		C994194621A3B8160010524D /* UIView+CH.m */ = {isa = PBXFileReference; lastKnownFileType = sourcecode.c.objc; path = "UIView+CH.m"; sourceTree = "<group>"; };
		C994194821A3DBA80010524D /* CHPhotoLibraryViewController.h */ = {isa = PBXFileReference; lastKnownFileType = sourcecode.c.h; path = CHPhotoLibraryViewController.h; sourceTree = "<group>"; };
		C994194921A3DBA80010524D /* CHPhotoLibraryViewController.m */ = {isa = PBXFileReference; lastKnownFileType = sourcecode.c.objc; path = CHPhotoLibraryViewController.m; sourceTree = "<group>"; };
		C994194C21A3E4740010524D /* Urls.plist */ = {isa = PBXFileReference; lastKnownFileType = text.plist.xml; path = Urls.plist; sourceTree = "<group>"; };
		C994194E21A3E5390010524D /* Debug_DevelopmentModel.h */ = {isa = PBXFileReference; lastKnownFileType = sourcecode.c.h; path = Debug_DevelopmentModel.h; sourceTree = "<group>"; };
		C994194F21A3E5390010524D /* Debug_DevelopmentModel.m */ = {isa = PBXFileReference; lastKnownFileType = sourcecode.c.objc; path = Debug_DevelopmentModel.m; sourceTree = "<group>"; };
		C994195121A3E5A50010524D /* DebugViewController.h */ = {isa = PBXFileReference; lastKnownFileType = sourcecode.c.h; path = DebugViewController.h; sourceTree = "<group>"; };
		C994195221A3E5A50010524D /* DebugViewController.m */ = {isa = PBXFileReference; lastKnownFileType = sourcecode.c.objc; path = DebugViewController.m; sourceTree = "<group>"; };
		C994195421A3E5E50010524D /* CameraHomeViewController+Debug_DevelopmentViewController.h */ = {isa = PBXFileReference; lastKnownFileType = sourcecode.c.h; path = "CameraHomeViewController+Debug_DevelopmentViewController.h"; sourceTree = "<group>"; };
		C994195521A3E5E50010524D /* CameraHomeViewController+Debug_DevelopmentViewController.m */ = {isa = PBXFileReference; lastKnownFileType = sourcecode.c.objc; path = "CameraHomeViewController+Debug_DevelopmentViewController.m"; sourceTree = "<group>"; };
		C994195721A3EEBD0010524D /* CHUtil.h */ = {isa = PBXFileReference; lastKnownFileType = sourcecode.c.h; path = CHUtil.h; sourceTree = "<group>"; };
		C994195821A3EEBD0010524D /* CHUtil.m */ = {isa = PBXFileReference; lastKnownFileType = sourcecode.c.objc; path = CHUtil.m; sourceTree = "<group>"; };
		C994195A21A3EF460010524D /* config.strings */ = {isa = PBXFileReference; lastKnownFileType = text.plist.strings; path = config.strings; sourceTree = "<group>"; };
		C994195C21A403340010524D /* ECAuthorizationTools.m */ = {isa = PBXFileReference; fileEncoding = 4; lastKnownFileType = sourcecode.c.objc; path = ECAuthorizationTools.m; sourceTree = "<group>"; };
		C994195D21A403340010524D /* ECAuthorizationTools.h */ = {isa = PBXFileReference; fileEncoding = 4; lastKnownFileType = sourcecode.c.h; path = ECAuthorizationTools.h; sourceTree = "<group>"; };
		C994195F21A4039A0010524D /* CameraHomeViewController+AuthorizationAndLayer.h */ = {isa = PBXFileReference; lastKnownFileType = sourcecode.c.h; path = "CameraHomeViewController+AuthorizationAndLayer.h"; sourceTree = "<group>"; };
		C994196021A4039A0010524D /* CameraHomeViewController+AuthorizationAndLayer.m */ = {isa = PBXFileReference; lastKnownFileType = sourcecode.c.objc; path = "CameraHomeViewController+AuthorizationAndLayer.m"; sourceTree = "<group>"; };
		C994196221A4080B0010524D /* Define.h */ = {isa = PBXFileReference; fileEncoding = 4; lastKnownFileType = sourcecode.c.h; path = Define.h; sourceTree = "<group>"; };
		C994196321A4F4F60010524D /* ImageObject.h */ = {isa = PBXFileReference; lastKnownFileType = sourcecode.c.h; path = ImageObject.h; sourceTree = "<group>"; };
		C994196421A4F4F60010524D /* ImageObject.m */ = {isa = PBXFileReference; lastKnownFileType = sourcecode.c.objc; path = ImageObject.m; sourceTree = "<group>"; };
		C994196621A4FE3E0010524D /* CHTipsViewController.h */ = {isa = PBXFileReference; lastKnownFileType = sourcecode.c.h; path = CHTipsViewController.h; sourceTree = "<group>"; };
		C994196721A4FE3E0010524D /* CHTipsViewController.m */ = {isa = PBXFileReference; lastKnownFileType = sourcecode.c.objc; path = CHTipsViewController.m; sourceTree = "<group>"; };
		C994196921A5087A0010524D /* CHSpringView.h */ = {isa = PBXFileReference; lastKnownFileType = sourcecode.c.h; path = CHSpringView.h; sourceTree = "<group>"; };
		C994196A21A5087A0010524D /* CHSpringView.m */ = {isa = PBXFileReference; lastKnownFileType = sourcecode.c.objc; path = CHSpringView.m; sourceTree = "<group>"; };
		C9A0872921AFE67C0042FFB2 /* CHBorderButton.h */ = {isa = PBXFileReference; lastKnownFileType = sourcecode.c.h; path = CHBorderButton.h; sourceTree = "<group>"; };
		C9A0872A21AFE67C0042FFB2 /* CHBorderButton.m */ = {isa = PBXFileReference; lastKnownFileType = sourcecode.c.objc; path = CHBorderButton.m; sourceTree = "<group>"; };
		C9A0872D21B0C8DB0042FFB2 /* UpdateModel.h */ = {isa = PBXFileReference; lastKnownFileType = sourcecode.c.h; path = UpdateModel.h; sourceTree = "<group>"; };
		C9A0872E21B0C8DB0042FFB2 /* UpdateModel.m */ = {isa = PBXFileReference; lastKnownFileType = sourcecode.c.objc; path = UpdateModel.m; sourceTree = "<group>"; };
		C9A0873021B0CEDB0042FFB2 /* CHAppVersionInfo.h */ = {isa = PBXFileReference; lastKnownFileType = sourcecode.c.h; path = CHAppVersionInfo.h; sourceTree = "<group>"; };
		C9A0873121B0CEDB0042FFB2 /* CHAppVersionInfo.m */ = {isa = PBXFileReference; lastKnownFileType = sourcecode.c.objc; path = CHAppVersionInfo.m; sourceTree = "<group>"; };
		C9C0567721A69CF600FE6160 /* CHPhotoLibraryListViewController.h */ = {isa = PBXFileReference; lastKnownFileType = sourcecode.c.h; path = CHPhotoLibraryListViewController.h; sourceTree = "<group>"; };
		C9C0567821A69CF600FE6160 /* CHPhotoLibraryListViewController.m */ = {isa = PBXFileReference; lastKnownFileType = sourcecode.c.objc; path = CHPhotoLibraryListViewController.m; sourceTree = "<group>"; };
		C9C0569021A7D0A900FE6160 /* CHBrowserBottomView.h */ = {isa = PBXFileReference; lastKnownFileType = sourcecode.c.h; path = CHBrowserBottomView.h; sourceTree = "<group>"; };
		C9C0569121A7D0A900FE6160 /* CHBrowserBottomView.m */ = {isa = PBXFileReference; lastKnownFileType = sourcecode.c.objc; path = CHBrowserBottomView.m; sourceTree = "<group>"; };
		C9E5222521A68E8A008CF74E /* CHImageLibraryButton.h */ = {isa = PBXFileReference; lastKnownFileType = sourcecode.c.h; path = CHImageLibraryButton.h; sourceTree = "<group>"; };
		C9E5222621A68E8A008CF74E /* CHImageLibraryButton.m */ = {isa = PBXFileReference; lastKnownFileType = sourcecode.c.objc; path = CHImageLibraryButton.m; sourceTree = "<group>"; };
		E2DF13393A24D610D46E1B32 /* Pods-CameraApp.debug.xcconfig */ = {isa = PBXFileReference; includeInIndex = 1; lastKnownFileType = text.xcconfig; name = "Pods-CameraApp.debug.xcconfig"; path = "Pods/Target Support Files/Pods-CameraApp/Pods-CameraApp.debug.xcconfig"; sourceTree = "<group>"; };
/* End PBXFileReference section */

/* Begin PBXFrameworksBuildPhase section */
		C97338C02192CF810016B440 /* Frameworks */ = {
			isa = PBXFrameworksBuildPhase;
			buildActionMask = 2147483647;
			files = (
				F44E130B164888A0BEE8AAC9 /* libPods-CameraApp.a in Frameworks */,
			);
			runOnlyForDeploymentPostprocessing = 0;
		};
		C97338D82192CF830016B440 /* Frameworks */ = {
			isa = PBXFrameworksBuildPhase;
			buildActionMask = 2147483647;
			files = (
			);
			runOnlyForDeploymentPostprocessing = 0;
		};
		C97338E32192CF840016B440 /* Frameworks */ = {
			isa = PBXFrameworksBuildPhase;
			buildActionMask = 2147483647;
			files = (
			);
			runOnlyForDeploymentPostprocessing = 0;
		};
/* End PBXFrameworksBuildPhase section */

/* Begin PBXGroup section */
		2203700023EF1392110B4911 /* Pods */ = {
			isa = PBXGroup;
			children = (
				E2DF13393A24D610D46E1B32 /* Pods-CameraApp.debug.xcconfig */,
				B98D6032D2C354FDEABF3906 /* Pods-CameraApp.release.xcconfig */,
			);
			name = Pods;
			sourceTree = "<group>";
		};
		8808BC593CBDA5390B9C1A4B /* Frameworks */ = {
			isa = PBXGroup;
			children = (
				8D5FAA60EEB040A0CCC0C74E /* libPods-CameraApp.a */,
			);
			name = Frameworks;
			sourceTree = "<group>";
		};
		C919BB0921A660CF00AE9E36 /* ThrityPart */ = {
			isa = PBXGroup;
			children = (
				C95E687721A7F9FA00CE5790 /* LLPhotoBrowser */,
				C919BB0A21A660E500AE9E36 /* fmdb */,
				C919BB1621A660E600AE9E36 /* JQFMDB */,
			);
			path = ThrityPart;
			sourceTree = "<group>";
		};
		C919BB0A21A660E500AE9E36 /* fmdb */ = {
			isa = PBXGroup;
			children = (
				C919BB0B21A660E500AE9E36 /* FMDatabase.h */,
				C919BB0C21A660E500AE9E36 /* FMDatabaseQueue.m */,
				C919BB0D21A660E500AE9E36 /* FMResultSet.h */,
				C919BB0E21A660E500AE9E36 /* FMDatabasePool.h */,
				C919BB0F21A660E500AE9E36 /* FMDatabaseAdditions.m */,
				C919BB1021A660E500AE9E36 /* FMDatabase.m */,
				C919BB1121A660E500AE9E36 /* FMDatabaseQueue.h */,
				C919BB1221A660E500AE9E36 /* FMDB.h */,
				C919BB1321A660E500AE9E36 /* FMDatabaseAdditions.h */,
				C919BB1421A660E500AE9E36 /* FMDatabasePool.m */,
				C919BB1521A660E500AE9E36 /* FMResultSet.m */,
			);
			path = fmdb;
			sourceTree = "<group>";
		};
		C919BB1621A660E600AE9E36 /* JQFMDB */ = {
			isa = PBXGroup;
			children = (
				C919BB1721A660E600AE9E36 /* JQFMDB.m */,
				C919BB1821A660E600AE9E36 /* JQFMDB.h */,
			);
			path = JQFMDB;
			sourceTree = "<group>";
		};
		C95E687721A7F9FA00CE5790 /* LLPhotoBrowser */ = {
			isa = PBXGroup;
			children = (
				C95E687A21A7F9FA00CE5790 /* LLClasses */,
				C95E688221A7F9FA00CE5790 /* LLPhoto.h */,
				C95E687F21A7F9FA00CE5790 /* LLPhoto.m */,
				C95E687921A7F9FA00CE5790 /* LLCollectionViewCell.h */,
				C95E688021A7F9FA00CE5790 /* LLCollectionViewCell.m */,
				C95E688121A7F9FA00CE5790 /* LLPhotoBrowser.h */,
				C95E687821A7F9FA00CE5790 /* LLPhotoBrowser.m */,
			);
			path = LLPhotoBrowser;
			sourceTree = "<group>";
		};
		C95E687A21A7F9FA00CE5790 /* LLClasses */ = {
			isa = PBXGroup;
			children = (
				C95E687D21A7F9FA00CE5790 /* LLImageCache.h */,
				C95E687B21A7F9FA00CE5790 /* LLImageCache.m */,
				C95E687E21A7F9FA00CE5790 /* LLFileManager.h */,
				C95E687C21A7F9FA00CE5790 /* LLFileManager.m */,
			);
			path = LLClasses;
			sourceTree = "<group>";
		};
		C97338BA2192CF810016B440 = {
			isa = PBXGroup;
			children = (
				C97338C52192CF810016B440 /* CameraApp */,
				C97338DE2192CF830016B440 /* CameraAppTests */,
				C97338E92192CF840016B440 /* CameraAppUITests */,
				C97338C42192CF810016B440 /* Products */,
				2203700023EF1392110B4911 /* Pods */,
				8808BC593CBDA5390B9C1A4B /* Frameworks */,
			);
			sourceTree = "<group>";
		};
		C97338C42192CF810016B440 /* Products */ = {
			isa = PBXGroup;
			children = (
				C97338C32192CF810016B440 /* CameraApp.app */,
				C97338DB2192CF830016B440 /* CameraAppTests.xctest */,
				C97338E62192CF840016B440 /* CameraAppUITests.xctest */,
			);
			name = Products;
			sourceTree = "<group>";
		};
		C97338C52192CF810016B440 /* CameraApp */ = {
			isa = PBXGroup;
			children = (
				C98ED7452192D3740017A479 /* AppDelegate */,
				C98ED7472192D4460017A479 /* Define */,
				C98ED7442192D35A0017A479 /* Base */,
				C919BB0921A660CF00AE9E36 /* ThrityPart */,
				C98ED762219565980017A479 /* Category */,
				C98ED7432192D31F0017A479 /* Utils */,
				C98ED7422192D3080017A479 /* Modules */,
				C98ED7462192D3BF0017A479 /* Support File */,
				C97338D42192CF830016B440 /* Info.plist */,
			);
			path = CameraApp;
			sourceTree = "<group>";
		};
		C97338DE2192CF830016B440 /* CameraAppTests */ = {
			isa = PBXGroup;
			children = (
				C97338DF2192CF830016B440 /* CameraAppTests.m */,
				C97338E12192CF830016B440 /* Info.plist */,
			);
			path = CameraAppTests;
			sourceTree = "<group>";
		};
		C97338E92192CF840016B440 /* CameraAppUITests */ = {
			isa = PBXGroup;
			children = (
				C97338EA2192CF840016B440 /* CameraAppUITests.m */,
				C97338EC2192CF840016B440 /* Info.plist */,
			);
			path = CameraAppUITests;
			sourceTree = "<group>";
		};
		C98ED7422192D3080017A479 /* Modules */ = {
			isa = PBXGroup;
			children = (
				C9A0872C21B0C88C0042FFB2 /* Update */,
				C994194B21A3E4610010524D /* Debug_Development */,
				C98ED7482192D4820017A479 /* Home */,
			);
			path = Modules;
			sourceTree = "<group>";
		};
		C98ED7432192D31F0017A479 /* Utils */ = {
			isa = PBXGroup;
			children = (
				C994196221A4080B0010524D /* Define.h */,
				C994195D21A403340010524D /* ECAuthorizationTools.h */,
				C994195C21A403340010524D /* ECAuthorizationTools.m */,
				C98ED759219331B60017A479 /* APIClient.h */,
				C98ED75A219331B60017A479 /* APIClient.m */,
				C98ED79B219924E60017A479 /* CHTime.h */,
				C98ED79C219924E60017A479 /* CHTime.m */,
				C994195721A3EEBD0010524D /* CHUtil.h */,
				C994195821A3EEBD0010524D /* CHUtil.m */,
				C994195A21A3EF460010524D /* config.strings */,
				C95E688E21A925FA00CE5790 /* CHCompressImageManager.h */,
				C95E688F21A925FA00CE5790 /* CHCompressImageManager.m */,
				C9A0872921AFE67C0042FFB2 /* CHBorderButton.h */,
				C9A0872A21AFE67C0042FFB2 /* CHBorderButton.m */,
			);
			path = Utils;
			sourceTree = "<group>";
		};
		C98ED7442192D35A0017A479 /* Base */ = {
			isa = PBXGroup;
			children = (
				C994193C21A3B2E00010524D /* NavigationController */,
				C9479E7821AD2E6E00878508 /* ApplicationOpenUrlHandle.h */,
				C9479E7921AD2E6E00878508 /* ApplicationOpenUrlHandle.m */,
				C9479E7B21AD2FD000878508 /* ShareManager.h */,
				C9479E7C21AD2FD000878508 /* ShareManager.m */,
			);
			path = Base;
			sourceTree = "<group>";
		};
		C98ED7452192D3740017A479 /* AppDelegate */ = {
			isa = PBXGroup;
			children = (
				C97338C62192CF810016B440 /* AppDelegate.h */,
				C97338C72192CF810016B440 /* AppDelegate.m */,
				C994193121A3A7AB0010524D /* AppDelegate+AppService.h */,
				C994193221A3A7AB0010524D /* AppDelegate+AppService.m */,
			);
			path = AppDelegate;
			sourceTree = "<group>";
		};
		C98ED7462192D3BF0017A479 /* Support File */ = {
			isa = PBXGroup;
			children = (
				C97338CC2192CF810016B440 /* Main.storyboard */,
				C97338CF2192CF830016B440 /* Assets.xcassets */,
				C97338D12192CF830016B440 /* LaunchScreen.storyboard */,
				C97338D52192CF830016B440 /* main.m */,
				C98ED7542192D5B00017A479 /* PrefixHeader.pch */,
			);
			path = "Support File";
			sourceTree = "<group>";
		};
		C98ED7472192D4460017A479 /* Define */ = {
			isa = PBXGroup;
			children = (
				C98ED7522192D5730017A479 /* SystemsMacros.h */,
				C98ED7532192D5960017A479 /* ApiMacros.h */,
				C98ED7552192D6090017A479 /* ThirdPartyMacros.h */,
			);
			path = Define;
			sourceTree = "<group>";
		};
		C98ED7482192D4820017A479 /* Home */ = {
			isa = PBXGroup;
			children = (
				C98ED7492192D4820017A479 /* ViewModel */,
				C98ED74A2192D4820017A479 /* Controller */,
				C98ED74B2192D4820017A479 /* Model */,
				C98ED74C2192D4820017A479 /* View */,
			);
			path = Home;
			sourceTree = "<group>";
		};
		C98ED7492192D4820017A479 /* ViewModel */ = {
			isa = PBXGroup;
			children = (
				C9479E7E21AE45E300878508 /* TipsSkill.plist */,
				C9479E8321AE6E8500878508 /* CHTakePhotoViewModel.h */,
				C9479E8421AE6E8500878508 /* CHTakePhotoViewModel.m */,
			);
			path = ViewModel;
			sourceTree = "<group>";
		};
		C98ED74A2192D4820017A479 /* Controller */ = {
			isa = PBXGroup;
			children = (
				C994193421A3AAC40010524D /* CameraHomeViewController.h */,
				C994193521A3AAC40010524D /* CameraHomeViewController.m */,
				C994195F21A4039A0010524D /* CameraHomeViewController+AuthorizationAndLayer.h */,
				C994196021A4039A0010524D /* CameraHomeViewController+AuthorizationAndLayer.m */,
				C994194821A3DBA80010524D /* CHPhotoLibraryViewController.h */,
				C994194921A3DBA80010524D /* CHPhotoLibraryViewController.m */,
				C994196621A4FE3E0010524D /* CHTipsViewController.h */,
				C994196721A4FE3E0010524D /* CHTipsViewController.m */,
				C9C0567721A69CF600FE6160 /* CHPhotoLibraryListViewController.h */,
				C9C0567821A69CF600FE6160 /* CHPhotoLibraryListViewController.m */,
			);
			path = Controller;
			sourceTree = "<group>";
		};
		C98ED74B2192D4820017A479 /* Model */ = {
			isa = PBXGroup;
			children = (
				C994196321A4F4F60010524D /* ImageObject.h */,
				C994196421A4F4F60010524D /* ImageObject.m */,
				C919BB1F21A6618E00AE9E36 /* Personal.h */,
				C919BB2021A6618E00AE9E36 /* Personal.m */,
				C95E689421A9475300CE5790 /* PhotoTakeTimeMath.h */,
				C95E689521A9475300CE5790 /* PhotoTakeTimeMath.m */,
				C9479E8021AE6D3F00878508 /* TipsModel.h */,
				C9479E8121AE6D3F00878508 /* TipsModel.m */,
			);
			path = Model;
			sourceTree = "<group>";
		};
		C98ED74C2192D4820017A479 /* View */ = {
			isa = PBXGroup;
			children = (
				C994196921A5087A0010524D /* CHSpringView.h */,
				C994196A21A5087A0010524D /* CHSpringView.m */,
				C9E5222521A68E8A008CF74E /* CHImageLibraryButton.h */,
				C9E5222621A68E8A008CF74E /* CHImageLibraryButton.m */,
				C9C0569021A7D0A900FE6160 /* CHBrowserBottomView.h */,
				C9C0569121A7D0A900FE6160 /* CHBrowserBottomView.m */,
				C95E68A021ABD8B000CE5790 /* PhotoLibraryReusableHeaderView.h */,
				C95E68A121ABD8B000CE5790 /* PhotoLibraryReusableHeaderView.m */,
				C9479E6F21ACE38400878508 /* PhotoListCollectionViewCell.h */,
				C9479E7021ACE38400878508 /* PhotoListCollectionViewCell.m */,
				C9479E7221AD163500878508 /* CHBottomButton.h */,
				C9479E7321AD163500878508 /* CHBottomButton.m */,
				C9479E8621AFC00C00878508 /* TakePhotoAlertView.h */,
				C9479E8721AFC00C00878508 /* TakePhotoAlertView.m */,
			);
			path = View;
			sourceTree = "<group>";
		};
		C98ED762219565980017A479 /* Category */ = {
			isa = PBXGroup;
			children = (
				C994193F21A3B3690010524D /* UIViewController+AlertViewAndActionSheet.h */,
				C994194021A3B3690010524D /* UIViewController+AlertViewAndActionSheet.m */,
				C994194521A3B8160010524D /* UIView+CH.h */,
				C994194621A3B8160010524D /* UIView+CH.m */,
				C95E689121A9430400CE5790 /* UIViewController+CH.h */,
				C95E689221A9430400CE5790 /* UIViewController+CH.m */,
				C95E689A21AB946A00CE5790 /* NSString+CH.h */,
				C95E689B21AB946B00CE5790 /* NSString+CH.m */,
				C95E689D21AB957800CE5790 /* NSObject+CH.h */,
				C95E689E21AB957800CE5790 /* NSObject+CH.m */,
			);
			path = Category;
			sourceTree = "<group>";
		};
		C994193C21A3B2E00010524D /* NavigationController */ = {
			isa = PBXGroup;
			children = (
				C994194221A3B5940010524D /* CHNavigationController.h */,
				C994194321A3B5940010524D /* CHNavigationController.m */,
			);
			path = NavigationController;
			sourceTree = "<group>";
		};
		C994194B21A3E4610010524D /* Debug_Development */ = {
			isa = PBXGroup;
			children = (
				C994194C21A3E4740010524D /* Urls.plist */,
				C994194E21A3E5390010524D /* Debug_DevelopmentModel.h */,
				C994194F21A3E5390010524D /* Debug_DevelopmentModel.m */,
				C994195121A3E5A50010524D /* DebugViewController.h */,
				C994195221A3E5A50010524D /* DebugViewController.m */,
				C994195421A3E5E50010524D /* CameraHomeViewController+Debug_DevelopmentViewController.h */,
				C994195521A3E5E50010524D /* CameraHomeViewController+Debug_DevelopmentViewController.m */,
			);
			path = Debug_Development;
			sourceTree = "<group>";
		};
		C9A0872C21B0C88C0042FFB2 /* Update */ = {
			isa = PBXGroup;
			children = (
				C9A0872D21B0C8DB0042FFB2 /* UpdateModel.h */,
				C9A0872E21B0C8DB0042FFB2 /* UpdateModel.m */,
				C9A0873021B0CEDB0042FFB2 /* CHAppVersionInfo.h */,
				C9A0873121B0CEDB0042FFB2 /* CHAppVersionInfo.m */,
			);
			path = Update;
			sourceTree = "<group>";
		};
/* End PBXGroup section */

/* Begin PBXNativeTarget section */
		C97338C22192CF810016B440 /* CameraApp */ = {
			isa = PBXNativeTarget;
			buildConfigurationList = C97338EF2192CF840016B440 /* Build configuration list for PBXNativeTarget "CameraApp" */;
			buildPhases = (
				7212AF8A11661FC4BC9157C6 /* [CP] Check Pods Manifest.lock */,
				C97338BF2192CF810016B440 /* Sources */,
				C97338C02192CF810016B440 /* Frameworks */,
				C97338C12192CF810016B440 /* Resources */,
				AF99AD64658272E2D79ABD4A /* [CP] Copy Pods Resources */,
			);
			buildRules = (
			);
			dependencies = (
			);
			name = CameraApp;
			productName = CameraApp;
			productReference = C97338C32192CF810016B440 /* CameraApp.app */;
			productType = "com.apple.product-type.application";
		};
		C97338DA2192CF830016B440 /* CameraAppTests */ = {
			isa = PBXNativeTarget;
			buildConfigurationList = C97338F22192CF840016B440 /* Build configuration list for PBXNativeTarget "CameraAppTests" */;
			buildPhases = (
				C97338D72192CF830016B440 /* Sources */,
				C97338D82192CF830016B440 /* Frameworks */,
				C97338D92192CF830016B440 /* Resources */,
			);
			buildRules = (
			);
			dependencies = (
				C97338DD2192CF830016B440 /* PBXTargetDependency */,
			);
			name = CameraAppTests;
			productName = CameraAppTests;
			productReference = C97338DB2192CF830016B440 /* CameraAppTests.xctest */;
			productType = "com.apple.product-type.bundle.unit-test";
		};
		C97338E52192CF840016B440 /* CameraAppUITests */ = {
			isa = PBXNativeTarget;
			buildConfigurationList = C97338F52192CF840016B440 /* Build configuration list for PBXNativeTarget "CameraAppUITests" */;
			buildPhases = (
				C97338E22192CF840016B440 /* Sources */,
				C97338E32192CF840016B440 /* Frameworks */,
				C97338E42192CF840016B440 /* Resources */,
			);
			buildRules = (
			);
			dependencies = (
				C97338E82192CF840016B440 /* PBXTargetDependency */,
			);
			name = CameraAppUITests;
			productName = CameraAppUITests;
			productReference = C97338E62192CF840016B440 /* CameraAppUITests.xctest */;
			productType = "com.apple.product-type.bundle.ui-testing";
		};
/* End PBXNativeTarget section */

/* Begin PBXProject section */
		C97338BB2192CF810016B440 /* Project object */ = {
			isa = PBXProject;
			attributes = {
				LastUpgradeCheck = 1010;
				ORGANIZATIONNAME = "黄灿辉";
				TargetAttributes = {
					C97338C22192CF810016B440 = {
						CreatedOnToolsVersion = 10.1;
					};
					C97338DA2192CF830016B440 = {
						CreatedOnToolsVersion = 10.1;
						TestTargetID = C97338C22192CF810016B440;
					};
					C97338E52192CF840016B440 = {
						CreatedOnToolsVersion = 10.1;
						TestTargetID = C97338C22192CF810016B440;
					};
				};
			};
			buildConfigurationList = C97338BE2192CF810016B440 /* Build configuration list for PBXProject "CameraApp" */;
			compatibilityVersion = "Xcode 9.3";
			developmentRegion = en;
			hasScannedForEncodings = 0;
			knownRegions = (
				en,
				Base,
			);
			mainGroup = C97338BA2192CF810016B440;
			productRefGroup = C97338C42192CF810016B440 /* Products */;
			projectDirPath = "";
			projectRoot = "";
			targets = (
				C97338C22192CF810016B440 /* CameraApp */,
				C97338DA2192CF830016B440 /* CameraAppTests */,
				C97338E52192CF840016B440 /* CameraAppUITests */,
			);
		};
/* End PBXProject section */

/* Begin PBXResourcesBuildPhase section */
		C97338C12192CF810016B440 /* Resources */ = {
			isa = PBXResourcesBuildPhase;
			buildActionMask = 2147483647;
			files = (
				C994195B21A3EF460010524D /* config.strings in Resources */,
				C97338D32192CF830016B440 /* LaunchScreen.storyboard in Resources */,
				C97338D02192CF830016B440 /* Assets.xcassets in Resources */,
				C97338CE2192CF810016B440 /* Main.storyboard in Resources */,
				C9479E7F21AE45E300878508 /* TipsSkill.plist in Resources */,
				C994194D21A3E4740010524D /* Urls.plist in Resources */,
			);
			runOnlyForDeploymentPostprocessing = 0;
		};
		C97338D92192CF830016B440 /* Resources */ = {
			isa = PBXResourcesBuildPhase;
			buildActionMask = 2147483647;
			files = (
			);
			runOnlyForDeploymentPostprocessing = 0;
		};
		C97338E42192CF840016B440 /* Resources */ = {
			isa = PBXResourcesBuildPhase;
			buildActionMask = 2147483647;
			files = (
			);
			runOnlyForDeploymentPostprocessing = 0;
		};
/* End PBXResourcesBuildPhase section */

/* Begin PBXShellScriptBuildPhase section */
		7212AF8A11661FC4BC9157C6 /* [CP] Check Pods Manifest.lock */ = {
			isa = PBXShellScriptBuildPhase;
			buildActionMask = 2147483647;
			files = (
			);
			inputFileListPaths = (
			);
			inputPaths = (
				"${PODS_PODFILE_DIR_PATH}/Podfile.lock",
				"${PODS_ROOT}/Manifest.lock",
			);
			name = "[CP] Check Pods Manifest.lock";
			outputFileListPaths = (
			);
			outputPaths = (
				"$(DERIVED_FILE_DIR)/Pods-CameraApp-checkManifestLockResult.txt",
			);
			runOnlyForDeploymentPostprocessing = 0;
			shellPath = /bin/sh;
			shellScript = "diff \"${PODS_PODFILE_DIR_PATH}/Podfile.lock\" \"${PODS_ROOT}/Manifest.lock\" > /dev/null\nif [ $? != 0 ] ; then\n    # print error to STDERR\n    echo \"error: The sandbox is not in sync with the Podfile.lock. Run 'pod install' or update your CocoaPods installation.\" >&2\n    exit 1\nfi\n# This output is used by Xcode 'outputs' to avoid re-running this script phase.\necho \"SUCCESS\" > \"${SCRIPT_OUTPUT_FILE_0}\"\n";
			showEnvVarsInLog = 0;
		};
		AF99AD64658272E2D79ABD4A /* [CP] Copy Pods Resources */ = {
			isa = PBXShellScriptBuildPhase;
			buildActionMask = 2147483647;
			files = (
			);
			inputFileListPaths = (
			);
			inputPaths = (
				"${SRCROOT}/Pods/Target Support Files/Pods-CameraApp/Pods-CameraApp-resources.sh",
				"${PODS_ROOT}/MBProgressHUD+JDragon/MBProgressHUD+JDragon/MBProgressHUD+JDragon.bundle",
				"${PODS_ROOT}/MJRefresh/MJRefresh/MJRefresh.bundle",
			);
			name = "[CP] Copy Pods Resources";
			outputFileListPaths = (
			);
			outputPaths = (
				"${TARGET_BUILD_DIR}/${UNLOCALIZED_RESOURCES_FOLDER_PATH}/MBProgressHUD+JDragon.bundle",
				"${TARGET_BUILD_DIR}/${UNLOCALIZED_RESOURCES_FOLDER_PATH}/MJRefresh.bundle",
			);
			runOnlyForDeploymentPostprocessing = 0;
			shellPath = /bin/sh;
			shellScript = "\"${SRCROOT}/Pods/Target Support Files/Pods-CameraApp/Pods-CameraApp-resources.sh\"\n";
			showEnvVarsInLog = 0;
		};
/* End PBXShellScriptBuildPhase section */

/* Begin PBXSourcesBuildPhase section */
		C97338BF2192CF810016B440 /* Sources */ = {
			isa = PBXSourcesBuildPhase;
			buildActionMask = 2147483647;
			files = (
				C95E688721A7F9FA00CE5790 /* LLCollectionViewCell.m in Sources */,
				C95E688621A7F9FA00CE5790 /* LLPhoto.m in Sources */,
				C994196521A4F4F60010524D /* ImageObject.m in Sources */,
				C9479E8221AE6D3F00878508 /* TipsModel.m in Sources */,
				C919BB2121A6618E00AE9E36 /* Personal.m in Sources */,
				C9479E8821AFC00C00878508 /* TakePhotoAlertView.m in Sources */,
				C994193321A3A7AB0010524D /* AppDelegate+AppService.m in Sources */,
				C95E689F21AB957800CE5790 /* NSObject+CH.m in Sources */,
				C95E688521A7F9FA00CE5790 /* LLFileManager.m in Sources */,
				C98ED75B219331B60017A479 /* APIClient.m in Sources */,
				C994193621A3AAC40010524D /* CameraHomeViewController.m in Sources */,
				C9C0569221A7D0A900FE6160 /* CHBrowserBottomView.m in Sources */,
				C994194721A3B8160010524D /* UIView+CH.m in Sources */,
				C98ED79D219924E60017A479 /* CHTime.m in Sources */,
				C919BB1D21A660E600AE9E36 /* FMResultSet.m in Sources */,
				C9479E7421AD163500878508 /* CHBottomButton.m in Sources */,
				C9A0872B21AFE67C0042FFB2 /* CHBorderButton.m in Sources */,
				C9479E7A21AD2E6E00878508 /* ApplicationOpenUrlHandle.m in Sources */,
				C994195921A3EEBD0010524D /* CHUtil.m in Sources */,
				C95E689321A9430400CE5790 /* UIViewController+CH.m in Sources */,
				C994195621A3E5E50010524D /* CameraHomeViewController+Debug_DevelopmentViewController.m in Sources */,
				C9C0567921A69CF600FE6160 /* CHPhotoLibraryListViewController.m in Sources */,
				C994194A21A3DBA80010524D /* CHPhotoLibraryViewController.m in Sources */,
				C9479E8521AE6E8500878508 /* CHTakePhotoViewModel.m in Sources */,
				C97338D62192CF830016B440 /* main.m in Sources */,
				C919BB1A21A660E600AE9E36 /* FMDatabaseAdditions.m in Sources */,
				C97338C82192CF810016B440 /* AppDelegate.m in Sources */,
				C919BB1E21A660E600AE9E36 /* JQFMDB.m in Sources */,
				C95E688321A7F9FA00CE5790 /* LLPhotoBrowser.m in Sources */,
				C9A0873221B0CEDB0042FFB2 /* CHAppVersionInfo.m in Sources */,
				C919BB1C21A660E600AE9E36 /* FMDatabasePool.m in Sources */,
				C994194421A3B5940010524D /* CHNavigationController.m in Sources */,
				C9479E7D21AD2FD000878508 /* ShareManager.m in Sources */,
				C95E68A221ABD8B000CE5790 /* PhotoLibraryReusableHeaderView.m in Sources */,
				C95E688421A7F9FA00CE5790 /* LLImageCache.m in Sources */,
				C994195E21A403340010524D /* ECAuthorizationTools.m in Sources */,
				C994195021A3E5390010524D /* Debug_DevelopmentModel.m in Sources */,
				C919BB1B21A660E600AE9E36 /* FMDatabase.m in Sources */,
				C95E689621A9475300CE5790 /* PhotoTakeTimeMath.m in Sources */,
				C994194121A3B3690010524D /* UIViewController+AlertViewAndActionSheet.m in Sources */,
				C95E689C21AB946B00CE5790 /* NSString+CH.m in Sources */,
				C95E689021A925FA00CE5790 /* CHCompressImageManager.m in Sources */,
				C994196121A4039A0010524D /* CameraHomeViewController+AuthorizationAndLayer.m in Sources */,
				C994196821A4FE3E0010524D /* CHTipsViewController.m in Sources */,
				C9479E7121ACE38400878508 /* PhotoListCollectionViewCell.m in Sources */,
				C9E5222721A68E8A008CF74E /* CHImageLibraryButton.m in Sources */,
				C919BB1921A660E600AE9E36 /* FMDatabaseQueue.m in Sources */,
				C994196B21A5087A0010524D /* CHSpringView.m in Sources */,
				C9A0872F21B0C8DB0042FFB2 /* UpdateModel.m in Sources */,
				C994195321A3E5A50010524D /* DebugViewController.m in Sources */,
			);
			runOnlyForDeploymentPostprocessing = 0;
		};
		C97338D72192CF830016B440 /* Sources */ = {
			isa = PBXSourcesBuildPhase;
			buildActionMask = 2147483647;
			files = (
				C97338E02192CF830016B440 /* CameraAppTests.m in Sources */,
			);
			runOnlyForDeploymentPostprocessing = 0;
		};
		C97338E22192CF840016B440 /* Sources */ = {
			isa = PBXSourcesBuildPhase;
			buildActionMask = 2147483647;
			files = (
				C97338EB2192CF840016B440 /* CameraAppUITests.m in Sources */,
			);
			runOnlyForDeploymentPostprocessing = 0;
		};
/* End PBXSourcesBuildPhase section */

/* Begin PBXTargetDependency section */
		C97338DD2192CF830016B440 /* PBXTargetDependency */ = {
			isa = PBXTargetDependency;
			target = C97338C22192CF810016B440 /* CameraApp */;
			targetProxy = C97338DC2192CF830016B440 /* PBXContainerItemProxy */;
		};
		C97338E82192CF840016B440 /* PBXTargetDependency */ = {
			isa = PBXTargetDependency;
			target = C97338C22192CF810016B440 /* CameraApp */;
			targetProxy = C97338E72192CF840016B440 /* PBXContainerItemProxy */;
		};
/* End PBXTargetDependency section */

/* Begin PBXVariantGroup section */
		C97338CC2192CF810016B440 /* Main.storyboard */ = {
			isa = PBXVariantGroup;
			children = (
				C97338CD2192CF810016B440 /* Base */,
			);
			name = Main.storyboard;
			sourceTree = "<group>";
		};
		C97338D12192CF830016B440 /* LaunchScreen.storyboard */ = {
			isa = PBXVariantGroup;
			children = (
				C97338D22192CF830016B440 /* Base */,
			);
			name = LaunchScreen.storyboard;
			sourceTree = "<group>";
		};
/* End PBXVariantGroup section */

/* Begin XCBuildConfiguration section */
		C97338ED2192CF840016B440 /* Debug */ = {
			isa = XCBuildConfiguration;
			buildSettings = {
				ALWAYS_SEARCH_USER_PATHS = NO;
				CLANG_ANALYZER_NONNULL = YES;
				CLANG_ANALYZER_NUMBER_OBJECT_CONVERSION = YES_AGGRESSIVE;
				CLANG_CXX_LANGUAGE_STANDARD = "gnu++14";
				CLANG_CXX_LIBRARY = "libc++";
				CLANG_ENABLE_MODULES = YES;
				CLANG_ENABLE_OBJC_ARC = YES;
				CLANG_ENABLE_OBJC_WEAK = YES;
				CLANG_WARN_BLOCK_CAPTURE_AUTORELEASING = YES;
				CLANG_WARN_BOOL_CONVERSION = YES;
				CLANG_WARN_COMMA = YES;
				CLANG_WARN_CONSTANT_CONVERSION = YES;
				CLANG_WARN_DEPRECATED_OBJC_IMPLEMENTATIONS = YES;
				CLANG_WARN_DIRECT_OBJC_ISA_USAGE = YES_ERROR;
				CLANG_WARN_DOCUMENTATION_COMMENTS = YES;
				CLANG_WARN_EMPTY_BODY = YES;
				CLANG_WARN_ENUM_CONVERSION = YES;
				CLANG_WARN_INFINITE_RECURSION = YES;
				CLANG_WARN_INT_CONVERSION = YES;
				CLANG_WARN_NON_LITERAL_NULL_CONVERSION = YES;
				CLANG_WARN_OBJC_IMPLICIT_RETAIN_SELF = YES;
				CLANG_WARN_OBJC_LITERAL_CONVERSION = YES;
				CLANG_WARN_OBJC_ROOT_CLASS = YES_ERROR;
				CLANG_WARN_RANGE_LOOP_ANALYSIS = YES;
				CLANG_WARN_STRICT_PROTOTYPES = YES;
				CLANG_WARN_SUSPICIOUS_MOVE = YES;
				CLANG_WARN_UNGUARDED_AVAILABILITY = YES_AGGRESSIVE;
				CLANG_WARN_UNREACHABLE_CODE = YES;
				CLANG_WARN__DUPLICATE_METHOD_MATCH = YES;
				CODE_SIGN_IDENTITY = "iPhone Developer";
				COPY_PHASE_STRIP = NO;
				DEBUG_INFORMATION_FORMAT = dwarf;
				ENABLE_STRICT_OBJC_MSGSEND = YES;
				ENABLE_TESTABILITY = YES;
				GCC_C_LANGUAGE_STANDARD = gnu11;
				GCC_DYNAMIC_NO_PIC = NO;
				GCC_NO_COMMON_BLOCKS = YES;
				GCC_OPTIMIZATION_LEVEL = 0;
				GCC_PREPROCESSOR_DEFINITIONS = (
					"DEBUG=1",
					"$(inherited)",
				);
				GCC_WARN_64_TO_32_BIT_CONVERSION = YES;
				GCC_WARN_ABOUT_RETURN_TYPE = YES_ERROR;
				GCC_WARN_UNDECLARED_SELECTOR = YES;
				GCC_WARN_UNINITIALIZED_AUTOS = YES_AGGRESSIVE;
				GCC_WARN_UNUSED_FUNCTION = YES;
				GCC_WARN_UNUSED_VARIABLE = YES;
				IPHONEOS_DEPLOYMENT_TARGET = 12.1;
				MTL_ENABLE_DEBUG_INFO = INCLUDE_SOURCE;
				MTL_FAST_MATH = YES;
				ONLY_ACTIVE_ARCH = YES;
				SDKROOT = iphoneos;
			};
			name = Debug;
		};
		C97338EE2192CF840016B440 /* Release */ = {
			isa = XCBuildConfiguration;
			buildSettings = {
				ALWAYS_SEARCH_USER_PATHS = NO;
				CLANG_ANALYZER_NONNULL = YES;
				CLANG_ANALYZER_NUMBER_OBJECT_CONVERSION = YES_AGGRESSIVE;
				CLANG_CXX_LANGUAGE_STANDARD = "gnu++14";
				CLANG_CXX_LIBRARY = "libc++";
				CLANG_ENABLE_MODULES = YES;
				CLANG_ENABLE_OBJC_ARC = YES;
				CLANG_ENABLE_OBJC_WEAK = YES;
				CLANG_WARN_BLOCK_CAPTURE_AUTORELEASING = YES;
				CLANG_WARN_BOOL_CONVERSION = YES;
				CLANG_WARN_COMMA = YES;
				CLANG_WARN_CONSTANT_CONVERSION = YES;
				CLANG_WARN_DEPRECATED_OBJC_IMPLEMENTATIONS = YES;
				CLANG_WARN_DIRECT_OBJC_ISA_USAGE = YES_ERROR;
				CLANG_WARN_DOCUMENTATION_COMMENTS = YES;
				CLANG_WARN_EMPTY_BODY = YES;
				CLANG_WARN_ENUM_CONVERSION = YES;
				CLANG_WARN_INFINITE_RECURSION = YES;
				CLANG_WARN_INT_CONVERSION = YES;
				CLANG_WARN_NON_LITERAL_NULL_CONVERSION = YES;
				CLANG_WARN_OBJC_IMPLICIT_RETAIN_SELF = YES;
				CLANG_WARN_OBJC_LITERAL_CONVERSION = YES;
				CLANG_WARN_OBJC_ROOT_CLASS = YES_ERROR;
				CLANG_WARN_RANGE_LOOP_ANALYSIS = YES;
				CLANG_WARN_STRICT_PROTOTYPES = YES;
				CLANG_WARN_SUSPICIOUS_MOVE = YES;
				CLANG_WARN_UNGUARDED_AVAILABILITY = YES_AGGRESSIVE;
				CLANG_WARN_UNREACHABLE_CODE = YES;
				CLANG_WARN__DUPLICATE_METHOD_MATCH = YES;
				CODE_SIGN_IDENTITY = "iPhone Developer";
				COPY_PHASE_STRIP = NO;
				DEBUG_INFORMATION_FORMAT = "dwarf-with-dsym";
				ENABLE_NS_ASSERTIONS = NO;
				ENABLE_STRICT_OBJC_MSGSEND = YES;
				GCC_C_LANGUAGE_STANDARD = gnu11;
				GCC_NO_COMMON_BLOCKS = YES;
				GCC_WARN_64_TO_32_BIT_CONVERSION = YES;
				GCC_WARN_ABOUT_RETURN_TYPE = YES_ERROR;
				GCC_WARN_UNDECLARED_SELECTOR = YES;
				GCC_WARN_UNINITIALIZED_AUTOS = YES_AGGRESSIVE;
				GCC_WARN_UNUSED_FUNCTION = YES;
				GCC_WARN_UNUSED_VARIABLE = YES;
				IPHONEOS_DEPLOYMENT_TARGET = 12.1;
				MTL_ENABLE_DEBUG_INFO = NO;
				MTL_FAST_MATH = YES;
				SDKROOT = iphoneos;
				VALIDATE_PRODUCT = YES;
			};
			name = Release;
		};
		C97338F02192CF840016B440 /* Debug */ = {
			isa = XCBuildConfiguration;
			baseConfigurationReference = E2DF13393A24D610D46E1B32 /* Pods-CameraApp.debug.xcconfig */;
			buildSettings = {
				ASSETCATALOG_COMPILER_APPICON_NAME = AppIcon;
				CODE_SIGN_IDENTITY = "iPhone Developer";
				CODE_SIGN_STYLE = Automatic;
				DEVELOPMENT_TEAM = NA93S5T8QG;
				ENABLE_BITCODE = YES;
				GCC_PREFIX_HEADER = "/Users/aieffei/Desktop/CameraApp/CameraApp/Support File/PrefixHeader.pch";
				INFOPLIST_FILE = CameraApp/Info.plist;
				IPHONEOS_DEPLOYMENT_TARGET = 9.0;
				LD_RUNPATH_SEARCH_PATHS = (
					"$(inherited)",
					"@executable_path/Frameworks",
				);
				PRODUCT_BUNDLE_IDENTIFIER = cn.fangline.mfcamera;
				PRODUCT_NAME = "$(TARGET_NAME)";
				PROVISIONING_PROFILE_SPECIFIER = "";
				TARGETED_DEVICE_FAMILY = "1,2";
				USER_HEADER_SEARCH_PATHS = "$(PODS_ROOT)/**";
			};
			name = Debug;
		};
		C97338F12192CF840016B440 /* Release */ = {
			isa = XCBuildConfiguration;
			baseConfigurationReference = B98D6032D2C354FDEABF3906 /* Pods-CameraApp.release.xcconfig */;
			buildSettings = {
				ASSETCATALOG_COMPILER_APPICON_NAME = AppIcon;
				CODE_SIGN_IDENTITY = "iPhone Developer";
				CODE_SIGN_STYLE = Automatic;
				DEVELOPMENT_TEAM = NA93S5T8QG;
				ENABLE_BITCODE = YES;
				GCC_PREFIX_HEADER = "/Users/aieffei/Desktop/CameraApp/CameraApp/Support File/PrefixHeader.pch";
				INFOPLIST_FILE = CameraApp/Info.plist;
				IPHONEOS_DEPLOYMENT_TARGET = 9.0;
				LD_RUNPATH_SEARCH_PATHS = (
					"$(inherited)",
					"@executable_path/Frameworks",
				);
				PRODUCT_BUNDLE_IDENTIFIER = cn.fangline.mfcamera;
				PRODUCT_NAME = "$(TARGET_NAME)";
				PROVISIONING_PROFILE_SPECIFIER = "";
				TARGETED_DEVICE_FAMILY = "1,2";
				USER_HEADER_SEARCH_PATHS = "$(PODS_ROOT)/**";
			};
			name = Release;
		};
		C97338F32192CF840016B440 /* Debug */ = {
			isa = XCBuildConfiguration;
			buildSettings = {
				BUNDLE_LOADER = "$(TEST_HOST)";
				CODE_SIGN_STYLE = Automatic;
				INFOPLIST_FILE = CameraAppTests/Info.plist;
				LD_RUNPATH_SEARCH_PATHS = (
					"$(inherited)",
					"@executable_path/Frameworks",
					"@loader_path/Frameworks",
				);
				PRODUCT_BUNDLE_IDENTIFIER = fangline.CameraAppTests;
				PRODUCT_NAME = "$(TARGET_NAME)";
				TARGETED_DEVICE_FAMILY = "1,2";
				TEST_HOST = "$(BUILT_PRODUCTS_DIR)/CameraApp.app/CameraApp";
			};
			name = Debug;
		};
		C97338F42192CF840016B440 /* Release */ = {
			isa = XCBuildConfiguration;
			buildSettings = {
				BUNDLE_LOADER = "$(TEST_HOST)";
				CODE_SIGN_STYLE = Automatic;
				INFOPLIST_FILE = CameraAppTests/Info.plist;
				LD_RUNPATH_SEARCH_PATHS = (
					"$(inherited)",
					"@executable_path/Frameworks",
					"@loader_path/Frameworks",
				);
				PRODUCT_BUNDLE_IDENTIFIER = fangline.CameraAppTests;
				PRODUCT_NAME = "$(TARGET_NAME)";
				TARGETED_DEVICE_FAMILY = "1,2";
				TEST_HOST = "$(BUILT_PRODUCTS_DIR)/CameraApp.app/CameraApp";
			};
			name = Release;
		};
		C97338F62192CF840016B440 /* Debug */ = {
			isa = XCBuildConfiguration;
			buildSettings = {
				CODE_SIGN_STYLE = Automatic;
				INFOPLIST_FILE = CameraAppUITests/Info.plist;
				LD_RUNPATH_SEARCH_PATHS = (
					"$(inherited)",
					"@executable_path/Frameworks",
					"@loader_path/Frameworks",
				);
				PRODUCT_BUNDLE_IDENTIFIER = fangline.CameraAppUITests;
				PRODUCT_NAME = "$(TARGET_NAME)";
				TARGETED_DEVICE_FAMILY = "1,2";
				TEST_TARGET_NAME = CameraApp;
			};
			name = Debug;
		};
		C97338F72192CF840016B440 /* Release */ = {
			isa = XCBuildConfiguration;
			buildSettings = {
				CODE_SIGN_STYLE = Automatic;
				INFOPLIST_FILE = CameraAppUITests/Info.plist;
				LD_RUNPATH_SEARCH_PATHS = (
					"$(inherited)",
					"@executable_path/Frameworks",
					"@loader_path/Frameworks",
				);
				PRODUCT_BUNDLE_IDENTIFIER = fangline.CameraAppUITests;
				PRODUCT_NAME = "$(TARGET_NAME)";
				TARGETED_DEVICE_FAMILY = "1,2";
				TEST_TARGET_NAME = CameraApp;
			};
			name = Release;
		};
/* End XCBuildConfiguration section */

/* Begin XCConfigurationList section */
		C97338BE2192CF810016B440 /* Build configuration list for PBXProject "CameraApp" */ = {
			isa = XCConfigurationList;
			buildConfigurations = (
				C97338ED2192CF840016B440 /* Debug */,
				C97338EE2192CF840016B440 /* Release */,
			);
			defaultConfigurationIsVisible = 0;
			defaultConfigurationName = Release;
		};
		C97338EF2192CF840016B440 /* Build configuration list for PBXNativeTarget "CameraApp" */ = {
			isa = XCConfigurationList;
			buildConfigurations = (
				C97338F02192CF840016B440 /* Debug */,
				C97338F12192CF840016B440 /* Release */,
			);
			defaultConfigurationIsVisible = 0;
			defaultConfigurationName = Release;
		};
		C97338F22192CF840016B440 /* Build configuration list for PBXNativeTarget "CameraAppTests" */ = {
			isa = XCConfigurationList;
			buildConfigurations = (
				C97338F32192CF840016B440 /* Debug */,
				C97338F42192CF840016B440 /* Release */,
			);
			defaultConfigurationIsVisible = 0;
			defaultConfigurationName = Release;
		};
		C97338F52192CF840016B440 /* Build configuration list for PBXNativeTarget "CameraAppUITests" */ = {
			isa = XCConfigurationList;
			buildConfigurations = (
				C97338F62192CF840016B440 /* Debug */,
				C97338F72192CF840016B440 /* Release */,
			);
			defaultConfigurationIsVisible = 0;
			defaultConfigurationName = Release;
		};
/* End XCConfigurationList section */
	};
	rootObject = C97338BB2192CF810016B440 /* Project object */;
}
